// !$*UTF8*$!
{
	archiveVersion = 1;
	classes = {
	};
	objectVersion = 46;
	objects = {

/* Begin PBXBuildFile section */
		438F97861B8C8083006BB4E5 /* main.m in Sources */ = {isa = PBXBuildFile; fileRef = 438F97851B8C8083006BB4E5 /* main.m */; };
		438F97911B8C8083006BB4E5 /* Images.xcassets in Resources */ = {isa = PBXBuildFile; fileRef = 438F97901B8C8083006BB4E5 /* Images.xcassets */; };
		438F97A01B8C8083006BB4E5 /* CZHWeiboTests.m in Sources */ = {isa = PBXBuildFile; fileRef = 438F979F1B8C8083006BB4E5 /* CZHWeiboTests.m */; };
		C4079FC41BA7D4EE000EFA84 /* CZHPhotosView.m in Sources */ = {isa = PBXBuildFile; fileRef = C4079FC31BA7D4EE000EFA84 /* CZHPhotosView.m */; };
		C4079FC71BA7D504000EFA84 /* CZHPhotoView.m in Sources */ = {isa = PBXBuildFile; fileRef = C4079FC61BA7D504000EFA84 /* CZHPhotoView.m */; };
		C4079FD81BA7E8DE000EFA84 /* MJPhoto.m in Sources */ = {isa = PBXBuildFile; fileRef = C4079FCA1BA7E8DE000EFA84 /* MJPhoto.m */; };
		C4079FD91BA7E8DE000EFA84 /* MJPhotoBrowser.bundle in Resources */ = {isa = PBXBuildFile; fileRef = C4079FCB1BA7E8DE000EFA84 /* MJPhotoBrowser.bundle */; };
		C4079FDA1BA7E8DE000EFA84 /* MJPhotoBrowser.m in Sources */ = {isa = PBXBuildFile; fileRef = C4079FCD1BA7E8DE000EFA84 /* MJPhotoBrowser.m */; };
		C4079FDB1BA7E8DE000EFA84 /* MJPhotoLoadingView.m in Sources */ = {isa = PBXBuildFile; fileRef = C4079FCF1BA7E8DE000EFA84 /* MJPhotoLoadingView.m */; };
		C4079FDC1BA7E8DE000EFA84 /* MJPhotoProgressView.m in Sources */ = {isa = PBXBuildFile; fileRef = C4079FD11BA7E8DE000EFA84 /* MJPhotoProgressView.m */; };
		C4079FDD1BA7E8DE000EFA84 /* MJPhotoToolbar.m in Sources */ = {isa = PBXBuildFile; fileRef = C4079FD31BA7E8DE000EFA84 /* MJPhotoToolbar.m */; };
		C4079FDE1BA7E8DE000EFA84 /* MJPhotoView.m in Sources */ = {isa = PBXBuildFile; fileRef = C4079FD51BA7E8DE000EFA84 /* MJPhotoView.m */; };
		C4079FDF1BA7E8DE000EFA84 /* SDWebImageManager+MJ.m in Sources */ = {isa = PBXBuildFile; fileRef = C4079FD71BA7E8DE000EFA84 /* SDWebImageManager+MJ.m */; };
		C42B55E11BA6BB000020B353 /* CZHStatusToolBar.m in Sources */ = {isa = PBXBuildFile; fileRef = C42B55E01BA6BB000020B353 /* CZHStatusToolBar.m */; };
		C42B55E41BA719D30020B353 /* CZHRetweetView.m in Sources */ = {isa = PBXBuildFile; fileRef = C42B55E31BA719D30020B353 /* CZHRetweetView.m */; };
		C42B55E71BA71D660020B353 /* CZHOriginalView.m in Sources */ = {isa = PBXBuildFile; fileRef = C42B55E61BA71D660020B353 /* CZHOriginalView.m */; };
		C42B55F21BA73E6C0020B353 /* CZHPhoto.m in Sources */ = {isa = PBXBuildFile; fileRef = C42B55F11BA73E6C0020B353 /* CZHPhoto.m */; };
		C42EB6C71B9C2F9600E000F7 /* CZHTitleBtn.m in Sources */ = {isa = PBXBuildFile; fileRef = C42EB6C61B9C2F9600E000F7 /* CZHTitleBtn.m */; };
		C43E7E5B1B8D649300766A51 /* CZHTabButton.m in Sources */ = {isa = PBXBuildFile; fileRef = C43E7E5A1B8D649300766A51 /* CZHTabButton.m */; };
		C44532131BA0005A005992D7 /* CZHOAuthViewController.m in Sources */ = {isa = PBXBuildFile; fileRef = C44532121BA0005A005992D7 /* CZHOAuthViewController.m */; };
		C44532291BA00624005992D7 /* AFHTTPRequestOperation.m in Sources */ = {isa = PBXBuildFile; fileRef = C44532171BA00624005992D7 /* AFHTTPRequestOperation.m */; };
		C445322A1BA00624005992D7 /* AFHTTPRequestOperationManager.m in Sources */ = {isa = PBXBuildFile; fileRef = C44532191BA00624005992D7 /* AFHTTPRequestOperationManager.m */; };
		C445322B1BA00624005992D7 /* AFHTTPSessionManager.m in Sources */ = {isa = PBXBuildFile; fileRef = C445321B1BA00624005992D7 /* AFHTTPSessionManager.m */; };
		C445322C1BA00624005992D7 /* AFNetworkReachabilityManager.m in Sources */ = {isa = PBXBuildFile; fileRef = C445321E1BA00624005992D7 /* AFNetworkReachabilityManager.m */; };
		C445322D1BA00624005992D7 /* AFSecurityPolicy.m in Sources */ = {isa = PBXBuildFile; fileRef = C44532201BA00624005992D7 /* AFSecurityPolicy.m */; };
		C445322E1BA00624005992D7 /* AFURLConnectionOperation.m in Sources */ = {isa = PBXBuildFile; fileRef = C44532221BA00624005992D7 /* AFURLConnectionOperation.m */; };
		C445322F1BA00624005992D7 /* AFURLRequestSerialization.m in Sources */ = {isa = PBXBuildFile; fileRef = C44532241BA00624005992D7 /* AFURLRequestSerialization.m */; };
		C44532301BA00624005992D7 /* AFURLResponseSerialization.m in Sources */ = {isa = PBXBuildFile; fileRef = C44532261BA00624005992D7 /* AFURLResponseSerialization.m */; };
		C44532311BA00624005992D7 /* AFURLSessionManager.m in Sources */ = {isa = PBXBuildFile; fileRef = C44532281BA00624005992D7 /* AFURLSessionManager.m */; };
		C44532341BA014E2005992D7 /* CZHAccount.m in Sources */ = {isa = PBXBuildFile; fileRef = C44532331BA014E2005992D7 /* CZHAccount.m */; };
		C44532381BA0582E005992D7 /* CZHWeiboTool.m in Sources */ = {isa = PBXBuildFile; fileRef = C44532371BA0582E005992D7 /* CZHWeiboTool.m */; };
		C445323B1BA05B26005992D7 /* CZHAccountTool.m in Sources */ = {isa = PBXBuildFile; fileRef = C445323A1BA05B26005992D7 /* CZHAccountTool.m */; };
		C44532421BA064EF005992D7 /* MBProgressHUD+MJ.m in Sources */ = {isa = PBXBuildFile; fileRef = C445323E1BA064EF005992D7 /* MBProgressHUD+MJ.m */; };
		C44532431BA064EF005992D7 /* MBProgressHUD.bundle in Resources */ = {isa = PBXBuildFile; fileRef = C445323F1BA064EF005992D7 /* MBProgressHUD.bundle */; };
		C44532441BA064EF005992D7 /* MBProgressHUD.m in Sources */ = {isa = PBXBuildFile; fileRef = C44532411BA064EF005992D7 /* MBProgressHUD.m */; };
		C446E74A1BA2C55A00ACAF54 /* CZHStatusFrame.m in Sources */ = {isa = PBXBuildFile; fileRef = C446E7491BA2C55A00ACAF54 /* CZHStatusFrame.m */; };
		C446E74C1BA2D8BD00ACAF54 /* CZHStatusesTableViewCell.m in Sources */ = {isa = PBXBuildFile; fileRef = C446E74B1BA2D8BD00ACAF54 /* CZHStatusesTableViewCell.m */; };
		C44FA3951B8D4A3100B2B49B /* CZHTabBar.m in Sources */ = {isa = PBXBuildFile; fileRef = C44FA3941B8D4A3100B2B49B /* CZHTabBar.m */; };
		C4574DD11B8CBEBA0036748B /* CZHDiscoverViewController.m in Sources */ = {isa = PBXBuildFile; fileRef = C4574DB41B8CBEB90036748B /* CZHDiscoverViewController.m */; };
		C4574DD21B8CBEBA0036748B /* CZHHomeViewController.m in Sources */ = {isa = PBXBuildFile; fileRef = C4574DBA1B8CBEBA0036748B /* CZHHomeViewController.m */; };
		C4574DD41B8CBEBA0036748B /* CZHTabBarController.m in Sources */ = {isa = PBXBuildFile; fileRef = C4574DC21B8CBEBA0036748B /* CZHTabBarController.m */; };
		C4574DD51B8CBEBA0036748B /* CZHMeViewController.m in Sources */ = {isa = PBXBuildFile; fileRef = C4574DC81B8CBEBA0036748B /* CZHMeViewController.m */; };
		C4574DD61B8CBEBA0036748B /* CZHMessageViewController.m in Sources */ = {isa = PBXBuildFile; fileRef = C4574DCE1B8CBEBA0036748B /* CZHMessageViewController.m */; };
		C4574DDA1B8CC53A0036748B /* AppDelegate.m in Sources */ = {isa = PBXBuildFile; fileRef = C4574DD91B8CC53A0036748B /* AppDelegate.m */; };
		C457E6901BA15A170006C3AE /* MKAnnotationView+WebCache.m in Sources */ = {isa = PBXBuildFile; fileRef = C457E6741BA15A170006C3AE /* MKAnnotationView+WebCache.m */; };
		C457E6911BA15A170006C3AE /* NSData+ImageContentType.m in Sources */ = {isa = PBXBuildFile; fileRef = C457E6761BA15A170006C3AE /* NSData+ImageContentType.m */; };
		C457E6921BA15A170006C3AE /* SDImageCache.m in Sources */ = {isa = PBXBuildFile; fileRef = C457E6781BA15A170006C3AE /* SDImageCache.m */; };
		C457E6931BA15A170006C3AE /* SDWebImageCompat.m in Sources */ = {isa = PBXBuildFile; fileRef = C457E67A1BA15A170006C3AE /* SDWebImageCompat.m */; };
		C457E6941BA15A170006C3AE /* SDWebImageDecoder.m in Sources */ = {isa = PBXBuildFile; fileRef = C457E67C1BA15A170006C3AE /* SDWebImageDecoder.m */; };
		C457E6951BA15A170006C3AE /* SDWebImageDownloader.m in Sources */ = {isa = PBXBuildFile; fileRef = C457E67E1BA15A170006C3AE /* SDWebImageDownloader.m */; };
		C457E6961BA15A170006C3AE /* SDWebImageDownloaderOperation.m in Sources */ = {isa = PBXBuildFile; fileRef = C457E6801BA15A170006C3AE /* SDWebImageDownloaderOperation.m */; };
		C457E6971BA15A170006C3AE /* SDWebImageManager.m in Sources */ = {isa = PBXBuildFile; fileRef = C457E6821BA15A170006C3AE /* SDWebImageManager.m */; };
		C457E6981BA15A170006C3AE /* SDWebImagePrefetcher.m in Sources */ = {isa = PBXBuildFile; fileRef = C457E6851BA15A170006C3AE /* SDWebImagePrefetcher.m */; };
		C457E6991BA15A170006C3AE /* UIButton+WebCache.m in Sources */ = {isa = PBXBuildFile; fileRef = C457E6871BA15A170006C3AE /* UIButton+WebCache.m */; };
		C457E69A1BA15A170006C3AE /* UIImage+GIF.m in Sources */ = {isa = PBXBuildFile; fileRef = C457E6891BA15A170006C3AE /* UIImage+GIF.m */; };
		C457E69B1BA15A170006C3AE /* UIImage+MultiFormat.m in Sources */ = {isa = PBXBuildFile; fileRef = C457E68B1BA15A170006C3AE /* UIImage+MultiFormat.m */; };
		C457E69C1BA15A170006C3AE /* UIImage+WebP.m in Sources */ = {isa = PBXBuildFile; fileRef = C457E68D1BA15A170006C3AE /* UIImage+WebP.m */; };
		C457E69D1BA15A170006C3AE /* UIImageView+WebCache.m in Sources */ = {isa = PBXBuildFile; fileRef = C457E68F1BA15A170006C3AE /* UIImageView+WebCache.m */; };
		C457E6A01BA169020006C3AE /* CZHUser.m in Sources */ = {isa = PBXBuildFile; fileRef = C457E69F1BA169020006C3AE /* CZHUser.m */; };
		C457E6A31BA169200006C3AE /* CZHStatuses.m in Sources */ = {isa = PBXBuildFile; fileRef = C457E6A21BA169200006C3AE /* CZHStatuses.m */; };
		C457E6B81BA16ACF0006C3AE /* MJArgument.m in Sources */ = {isa = PBXBuildFile; fileRef = C457E6A61BA16ACF0006C3AE /* MJArgument.m */; };
		C457E6B91BA16ACF0006C3AE /* MJIvar.m in Sources */ = {isa = PBXBuildFile; fileRef = C457E6A91BA16ACF0006C3AE /* MJIvar.m */; };
		C457E6BA1BA16ACF0006C3AE /* MJMember.m in Sources */ = {isa = PBXBuildFile; fileRef = C457E6AB1BA16ACF0006C3AE /* MJMember.m */; };
		C457E6BB1BA16ACF0006C3AE /* MJMethod.m in Sources */ = {isa = PBXBuildFile; fileRef = C457E6AD1BA16ACF0006C3AE /* MJMethod.m */; };
		C457E6BC1BA16ACF0006C3AE /* MJType.m in Sources */ = {isa = PBXBuildFile; fileRef = C457E6AF1BA16ACF0006C3AE /* MJType.m */; };
		C457E6BD1BA16ACF0006C3AE /* MJTypeEncoding.m in Sources */ = {isa = PBXBuildFile; fileRef = C457E6B11BA16ACF0006C3AE /* MJTypeEncoding.m */; };
		C457E6BE1BA16ACF0006C3AE /* NSObject+MJCoding.m in Sources */ = {isa = PBXBuildFile; fileRef = C457E6B31BA16ACF0006C3AE /* NSObject+MJCoding.m */; };
		C457E6BF1BA16ACF0006C3AE /* NSObject+MJKeyValue.m in Sources */ = {isa = PBXBuildFile; fileRef = C457E6B51BA16ACF0006C3AE /* NSObject+MJKeyValue.m */; };
		C457E6C01BA16ACF0006C3AE /* NSObject+MJMember.m in Sources */ = {isa = PBXBuildFile; fileRef = C457E6B71BA16ACF0006C3AE /* NSObject+MJMember.m */; };
		C459F4751B9EFAFC00B06FD0 /* CZHCheckBox.m in Sources */ = {isa = PBXBuildFile; fileRef = C459F4741B9EFAFC00B06FD0 /* CZHCheckBox.m */; };
		C474F20C1B95CCED003C8C25 /* UIImage+CZHCustomImg.m in Sources */ = {isa = PBXBuildFile; fileRef = C474F20B1B95CCED003C8C25 /* UIImage+CZHCustomImg.m */; };
		C474F20F1B95D5BD003C8C25 /* CZHSearchBar.m in Sources */ = {isa = PBXBuildFile; fileRef = C474F20E1B95D5BD003C8C25 /* CZHSearchBar.m */; };
		C474F2121B95E7E0003C8C25 /* UIBarButtonItem+CZH.m in Sources */ = {isa = PBXBuildFile; fileRef = C474F2111B95E7E0003C8C25 /* UIBarButtonItem+CZH.m */; };
		C47D4FB81BA659770045FA2C /* NSDate+CZH.m in Sources */ = {isa = PBXBuildFile; fileRef = C47D4FB71BA659770045FA2C /* NSDate+CZH.m */; };
		C49523C31B94A9EC00433021 /* CZHNavigationController.m in Sources */ = {isa = PBXBuildFile; fileRef = C49523C21B94A9EC00433021 /* CZHNavigationController.m */; };
		C498A21E1B9D5DF8004B283C /* CZHSurfaceViewController.m in Sources */ = {isa = PBXBuildFile; fileRef = C498A21D1B9D5DF8004B283C /* CZHSurfaceViewController.m */; };
		C498A2211B9D6477004B283C /* CZHSurfaceScrollView.m in Sources */ = {isa = PBXBuildFile; fileRef = C498A2201B9D6477004B283C /* CZHSurfaceScrollView.m */; };
		C4C4A4B31B8F3AA50007E88A /* CZHBadgeButton.m in Sources */ = {isa = PBXBuildFile; fileRef = C4C4A4B21B8F3AA50007E88A /* CZHBadgeButton.m */; };
/* End PBXBuildFile section */

/* Begin PBXContainerItemProxy section */
		438F979A1B8C8083006BB4E5 /* PBXContainerItemProxy */ = {
			isa = PBXContainerItemProxy;
			containerPortal = 438F97781B8C8082006BB4E5 /* Project object */;
			proxyType = 1;
			remoteGlobalIDString = 438F977F1B8C8083006BB4E5;
			remoteInfo = CZHWeibo;
		};
/* End PBXContainerItemProxy section */

/* Begin PBXFileReference section */
		438F97801B8C8083006BB4E5 /* CZHWeibo.app */ = {isa = PBXFileReference; explicitFileType = wrapper.application; includeInIndex = 0; path = CZHWeibo.app; sourceTree = BUILT_PRODUCTS_DIR; };
		438F97841B8C8083006BB4E5 /* Info.plist */ = {isa = PBXFileReference; lastKnownFileType = text.plist.xml; path = Info.plist; sourceTree = "<group>"; };
		438F97851B8C8083006BB4E5 /* main.m */ = {isa = PBXFileReference; lastKnownFileType = sourcecode.c.objc; path = main.m; sourceTree = "<group>"; };
		438F97901B8C8083006BB4E5 /* Images.xcassets */ = {isa = PBXFileReference; lastKnownFileType = folder.assetcatalog; path = Images.xcassets; sourceTree = "<group>"; };
		438F97991B8C8083006BB4E5 /* CZHWeiboTests.xctest */ = {isa = PBXFileReference; explicitFileType = wrapper.cfbundle; includeInIndex = 0; path = CZHWeiboTests.xctest; sourceTree = BUILT_PRODUCTS_DIR; };
		438F979E1B8C8083006BB4E5 /* Info.plist */ = {isa = PBXFileReference; lastKnownFileType = text.plist.xml; path = Info.plist; sourceTree = "<group>"; };
		438F979F1B8C8083006BB4E5 /* CZHWeiboTests.m */ = {isa = PBXFileReference; lastKnownFileType = sourcecode.c.objc; path = CZHWeiboTests.m; sourceTree = "<group>"; };
		C4079FC21BA7D4EE000EFA84 /* CZHPhotosView.h */ = {isa = PBXFileReference; fileEncoding = 4; lastKnownFileType = sourcecode.c.h; name = CZHPhotosView.h; path = CZHWeibo/classes/Home/View/CZHPhotosView.h; sourceTree = SOURCE_ROOT; };
		C4079FC31BA7D4EE000EFA84 /* CZHPhotosView.m */ = {isa = PBXFileReference; fileEncoding = 4; lastKnownFileType = sourcecode.c.objc; name = CZHPhotosView.m; path = CZHWeibo/classes/Home/View/CZHPhotosView.m; sourceTree = SOURCE_ROOT; };
		C4079FC51BA7D504000EFA84 /* CZHPhotoView.h */ = {isa = PBXFileReference; fileEncoding = 4; lastKnownFileType = sourcecode.c.h; path = CZHPhotoView.h; sourceTree = "<group>"; };
		C4079FC61BA7D504000EFA84 /* CZHPhotoView.m */ = {isa = PBXFileReference; fileEncoding = 4; lastKnownFileType = sourcecode.c.objc; path = CZHPhotoView.m; sourceTree = "<group>"; };
		C4079FC91BA7E8DE000EFA84 /* MJPhoto.h */ = {isa = PBXFileReference; fileEncoding = 4; lastKnownFileType = sourcecode.c.h; path = MJPhoto.h; sourceTree = "<group>"; };
		C4079FCA1BA7E8DE000EFA84 /* MJPhoto.m */ = {isa = PBXFileReference; fileEncoding = 4; lastKnownFileType = sourcecode.c.objc; path = MJPhoto.m; sourceTree = "<group>"; };
		C4079FCB1BA7E8DE000EFA84 /* MJPhotoBrowser.bundle */ = {isa = PBXFileReference; lastKnownFileType = "wrapper.plug-in"; path = MJPhotoBrowser.bundle; sourceTree = "<group>"; };
		C4079FCC1BA7E8DE000EFA84 /* MJPhotoBrowser.h */ = {isa = PBXFileReference; fileEncoding = 4; lastKnownFileType = sourcecode.c.h; path = MJPhotoBrowser.h; sourceTree = "<group>"; };
		C4079FCD1BA7E8DE000EFA84 /* MJPhotoBrowser.m */ = {isa = PBXFileReference; fileEncoding = 4; lastKnownFileType = sourcecode.c.objc; path = MJPhotoBrowser.m; sourceTree = "<group>"; };
		C4079FCE1BA7E8DE000EFA84 /* MJPhotoLoadingView.h */ = {isa = PBXFileReference; fileEncoding = 4; lastKnownFileType = sourcecode.c.h; path = MJPhotoLoadingView.h; sourceTree = "<group>"; };
		C4079FCF1BA7E8DE000EFA84 /* MJPhotoLoadingView.m */ = {isa = PBXFileReference; fileEncoding = 4; lastKnownFileType = sourcecode.c.objc; path = MJPhotoLoadingView.m; sourceTree = "<group>"; };
		C4079FD01BA7E8DE000EFA84 /* MJPhotoProgressView.h */ = {isa = PBXFileReference; fileEncoding = 4; lastKnownFileType = sourcecode.c.h; path = MJPhotoProgressView.h; sourceTree = "<group>"; };
		C4079FD11BA7E8DE000EFA84 /* MJPhotoProgressView.m */ = {isa = PBXFileReference; fileEncoding = 4; lastKnownFileType = sourcecode.c.objc; path = MJPhotoProgressView.m; sourceTree = "<group>"; };
		C4079FD21BA7E8DE000EFA84 /* MJPhotoToolbar.h */ = {isa = PBXFileReference; fileEncoding = 4; lastKnownFileType = sourcecode.c.h; path = MJPhotoToolbar.h; sourceTree = "<group>"; };
		C4079FD31BA7E8DE000EFA84 /* MJPhotoToolbar.m */ = {isa = PBXFileReference; fileEncoding = 4; lastKnownFileType = sourcecode.c.objc; path = MJPhotoToolbar.m; sourceTree = "<group>"; };
		C4079FD41BA7E8DE000EFA84 /* MJPhotoView.h */ = {isa = PBXFileReference; fileEncoding = 4; lastKnownFileType = sourcecode.c.h; path = MJPhotoView.h; sourceTree = "<group>"; };
		C4079FD51BA7E8DE000EFA84 /* MJPhotoView.m */ = {isa = PBXFileReference; fileEncoding = 4; lastKnownFileType = sourcecode.c.objc; path = MJPhotoView.m; sourceTree = "<group>"; };
		C4079FD61BA7E8DE000EFA84 /* SDWebImageManager+MJ.h */ = {isa = PBXFileReference; fileEncoding = 4; lastKnownFileType = sourcecode.c.h; path = "SDWebImageManager+MJ.h"; sourceTree = "<group>"; };
		C4079FD71BA7E8DE000EFA84 /* SDWebImageManager+MJ.m */ = {isa = PBXFileReference; fileEncoding = 4; lastKnownFileType = sourcecode.c.objc; path = "SDWebImageManager+MJ.m"; sourceTree = "<group>"; };
		C42B55DF1BA6BB000020B353 /* CZHStatusToolBar.h */ = {isa = PBXFileReference; fileEncoding = 4; lastKnownFileType = sourcecode.c.h; path = CZHStatusToolBar.h; sourceTree = "<group>"; };
		C42B55E01BA6BB000020B353 /* CZHStatusToolBar.m */ = {isa = PBXFileReference; fileEncoding = 4; lastKnownFileType = sourcecode.c.objc; path = CZHStatusToolBar.m; sourceTree = "<group>"; };
		C42B55E21BA719D30020B353 /* CZHRetweetView.h */ = {isa = PBXFileReference; fileEncoding = 4; lastKnownFileType = sourcecode.c.h; path = CZHRetweetView.h; sourceTree = "<group>"; };
		C42B55E31BA719D30020B353 /* CZHRetweetView.m */ = {isa = PBXFileReference; fileEncoding = 4; lastKnownFileType = sourcecode.c.objc; path = CZHRetweetView.m; sourceTree = "<group>"; };
		C42B55E51BA71D660020B353 /* CZHOriginalView.h */ = {isa = PBXFileReference; fileEncoding = 4; lastKnownFileType = sourcecode.c.h; path = CZHOriginalView.h; sourceTree = "<group>"; };
		C42B55E61BA71D660020B353 /* CZHOriginalView.m */ = {isa = PBXFileReference; fileEncoding = 4; lastKnownFileType = sourcecode.c.objc; path = CZHOriginalView.m; sourceTree = "<group>"; };
		C42B55EF1BA73DCF0020B353 /* PrefixHeader.pch */ = {isa = PBXFileReference; fileEncoding = 4; lastKnownFileType = sourcecode.c.h; name = PrefixHeader.pch; path = ../../../PrefixHeader.pch; sourceTree = "<group>"; };
		C42B55F01BA73E6C0020B353 /* CZHPhoto.h */ = {isa = PBXFileReference; fileEncoding = 4; lastKnownFileType = sourcecode.c.h; path = CZHPhoto.h; sourceTree = "<group>"; };
		C42B55F11BA73E6C0020B353 /* CZHPhoto.m */ = {isa = PBXFileReference; fileEncoding = 4; lastKnownFileType = sourcecode.c.objc; path = CZHPhoto.m; sourceTree = "<group>"; };
		C42EB6C51B9C2F9600E000F7 /* CZHTitleBtn.h */ = {isa = PBXFileReference; fileEncoding = 4; lastKnownFileType = sourcecode.c.h; name = CZHTitleBtn.h; path = CZHWeibo/classes/Home/View/CZHTitleBtn.h; sourceTree = SOURCE_ROOT; };
		C42EB6C61B9C2F9600E000F7 /* CZHTitleBtn.m */ = {isa = PBXFileReference; fileEncoding = 4; lastKnownFileType = sourcecode.c.objc; name = CZHTitleBtn.m; path = CZHWeibo/classes/Home/View/CZHTitleBtn.m; sourceTree = SOURCE_ROOT; };
		C43E7E591B8D649300766A51 /* CZHTabButton.h */ = {isa = PBXFileReference; fileEncoding = 4; lastKnownFileType = sourcecode.c.h; path = CZHTabButton.h; sourceTree = "<group>"; };
		C43E7E5A1B8D649300766A51 /* CZHTabButton.m */ = {isa = PBXFileReference; fileEncoding = 4; lastKnownFileType = sourcecode.c.objc; path = CZHTabButton.m; sourceTree = "<group>"; };
		C44532111BA0005A005992D7 /* CZHOAuthViewController.h */ = {isa = PBXFileReference; fileEncoding = 4; lastKnownFileType = sourcecode.c.h; path = CZHOAuthViewController.h; sourceTree = "<group>"; };
		C44532121BA0005A005992D7 /* CZHOAuthViewController.m */ = {isa = PBXFileReference; fileEncoding = 4; lastKnownFileType = sourcecode.c.objc; path = CZHOAuthViewController.m; sourceTree = "<group>"; };
		C44532161BA00624005992D7 /* AFHTTPRequestOperation.h */ = {isa = PBXFileReference; fileEncoding = 4; lastKnownFileType = sourcecode.c.h; path = AFHTTPRequestOperation.h; sourceTree = "<group>"; };
		C44532171BA00624005992D7 /* AFHTTPRequestOperation.m */ = {isa = PBXFileReference; fileEncoding = 4; lastKnownFileType = sourcecode.c.objc; path = AFHTTPRequestOperation.m; sourceTree = "<group>"; };
		C44532181BA00624005992D7 /* AFHTTPRequestOperationManager.h */ = {isa = PBXFileReference; fileEncoding = 4; lastKnownFileType = sourcecode.c.h; path = AFHTTPRequestOperationManager.h; sourceTree = "<group>"; };
		C44532191BA00624005992D7 /* AFHTTPRequestOperationManager.m */ = {isa = PBXFileReference; fileEncoding = 4; lastKnownFileType = sourcecode.c.objc; path = AFHTTPRequestOperationManager.m; sourceTree = "<group>"; };
		C445321A1BA00624005992D7 /* AFHTTPSessionManager.h */ = {isa = PBXFileReference; fileEncoding = 4; lastKnownFileType = sourcecode.c.h; path = AFHTTPSessionManager.h; sourceTree = "<group>"; };
		C445321B1BA00624005992D7 /* AFHTTPSessionManager.m */ = {isa = PBXFileReference; fileEncoding = 4; lastKnownFileType = sourcecode.c.objc; path = AFHTTPSessionManager.m; sourceTree = "<group>"; };
		C445321C1BA00624005992D7 /* AFNetworking.h */ = {isa = PBXFileReference; fileEncoding = 4; lastKnownFileType = sourcecode.c.h; path = AFNetworking.h; sourceTree = "<group>"; };
		C445321D1BA00624005992D7 /* AFNetworkReachabilityManager.h */ = {isa = PBXFileReference; fileEncoding = 4; lastKnownFileType = sourcecode.c.h; path = AFNetworkReachabilityManager.h; sourceTree = "<group>"; };
		C445321E1BA00624005992D7 /* AFNetworkReachabilityManager.m */ = {isa = PBXFileReference; fileEncoding = 4; lastKnownFileType = sourcecode.c.objc; path = AFNetworkReachabilityManager.m; sourceTree = "<group>"; };
		C445321F1BA00624005992D7 /* AFSecurityPolicy.h */ = {isa = PBXFileReference; fileEncoding = 4; lastKnownFileType = sourcecode.c.h; path = AFSecurityPolicy.h; sourceTree = "<group>"; };
		C44532201BA00624005992D7 /* AFSecurityPolicy.m */ = {isa = PBXFileReference; fileEncoding = 4; lastKnownFileType = sourcecode.c.objc; path = AFSecurityPolicy.m; sourceTree = "<group>"; };
		C44532211BA00624005992D7 /* AFURLConnectionOperation.h */ = {isa = PBXFileReference; fileEncoding = 4; lastKnownFileType = sourcecode.c.h; path = AFURLConnectionOperation.h; sourceTree = "<group>"; };
		C44532221BA00624005992D7 /* AFURLConnectionOperation.m */ = {isa = PBXFileReference; fileEncoding = 4; lastKnownFileType = sourcecode.c.objc; path = AFURLConnectionOperation.m; sourceTree = "<group>"; };
		C44532231BA00624005992D7 /* AFURLRequestSerialization.h */ = {isa = PBXFileReference; fileEncoding = 4; lastKnownFileType = sourcecode.c.h; path = AFURLRequestSerialization.h; sourceTree = "<group>"; };
		C44532241BA00624005992D7 /* AFURLRequestSerialization.m */ = {isa = PBXFileReference; fileEncoding = 4; lastKnownFileType = sourcecode.c.objc; path = AFURLRequestSerialization.m; sourceTree = "<group>"; };
		C44532251BA00624005992D7 /* AFURLResponseSerialization.h */ = {isa = PBXFileReference; fileEncoding = 4; lastKnownFileType = sourcecode.c.h; path = AFURLResponseSerialization.h; sourceTree = "<group>"; };
		C44532261BA00624005992D7 /* AFURLResponseSerialization.m */ = {isa = PBXFileReference; fileEncoding = 4; lastKnownFileType = sourcecode.c.objc; path = AFURLResponseSerialization.m; sourceTree = "<group>"; };
		C44532271BA00624005992D7 /* AFURLSessionManager.h */ = {isa = PBXFileReference; fileEncoding = 4; lastKnownFileType = sourcecode.c.h; path = AFURLSessionManager.h; sourceTree = "<group>"; };
		C44532281BA00624005992D7 /* AFURLSessionManager.m */ = {isa = PBXFileReference; fileEncoding = 4; lastKnownFileType = sourcecode.c.objc; path = AFURLSessionManager.m; sourceTree = "<group>"; };
		C44532321BA014E2005992D7 /* CZHAccount.h */ = {isa = PBXFileReference; fileEncoding = 4; lastKnownFileType = sourcecode.c.h; name = CZHAccount.h; path = CZHWeibo/classes/OAuth/Model/CZHAccount.h; sourceTree = SOURCE_ROOT; };
		C44532331BA014E2005992D7 /* CZHAccount.m */ = {isa = PBXFileReference; fileEncoding = 4; lastKnownFileType = sourcecode.c.objc; name = CZHAccount.m; path = CZHWeibo/classes/OAuth/Model/CZHAccount.m; sourceTree = SOURCE_ROOT; };
		C44532361BA0582E005992D7 /* CZHWeiboTool.h */ = {isa = PBXFileReference; fileEncoding = 4; lastKnownFileType = sourcecode.c.h; path = CZHWeiboTool.h; sourceTree = "<group>"; };
		C44532371BA0582E005992D7 /* CZHWeiboTool.m */ = {isa = PBXFileReference; fileEncoding = 4; lastKnownFileType = sourcecode.c.objc; path = CZHWeiboTool.m; sourceTree = "<group>"; };
		C44532391BA05B26005992D7 /* CZHAccountTool.h */ = {isa = PBXFileReference; fileEncoding = 4; lastKnownFileType = sourcecode.c.h; name = CZHAccountTool.h; path = CZHWeibo/classes/OAuth/Model/CZHAccountTool.h; sourceTree = SOURCE_ROOT; };
		C445323A1BA05B26005992D7 /* CZHAccountTool.m */ = {isa = PBXFileReference; fileEncoding = 4; lastKnownFileType = sourcecode.c.objc; name = CZHAccountTool.m; path = CZHWeibo/classes/OAuth/Model/CZHAccountTool.m; sourceTree = SOURCE_ROOT; };
		C445323D1BA064EF005992D7 /* MBProgressHUD+MJ.h */ = {isa = PBXFileReference; fileEncoding = 4; lastKnownFileType = sourcecode.c.h; path = "MBProgressHUD+MJ.h"; sourceTree = "<group>"; };
		C445323E1BA064EF005992D7 /* MBProgressHUD+MJ.m */ = {isa = PBXFileReference; fileEncoding = 4; lastKnownFileType = sourcecode.c.objc; path = "MBProgressHUD+MJ.m"; sourceTree = "<group>"; };
		C445323F1BA064EF005992D7 /* MBProgressHUD.bundle */ = {isa = PBXFileReference; lastKnownFileType = "wrapper.plug-in"; path = MBProgressHUD.bundle; sourceTree = "<group>"; };
		C44532401BA064EF005992D7 /* MBProgressHUD.h */ = {isa = PBXFileReference; fileEncoding = 4; lastKnownFileType = sourcecode.c.h; path = MBProgressHUD.h; sourceTree = "<group>"; };
		C44532411BA064EF005992D7 /* MBProgressHUD.m */ = {isa = PBXFileReference; fileEncoding = 4; lastKnownFileType = sourcecode.c.objc; path = MBProgressHUD.m; sourceTree = "<group>"; };
		C446E7451BA2B43600ACAF54 /* CZHStatusesTableViewCell.h */ = {isa = PBXFileReference; fileEncoding = 4; lastKnownFileType = sourcecode.c.h; name = CZHStatusesTableViewCell.h; path = CZHWeibo/classes/Home/View/CZHStatusesTableViewCell.h; sourceTree = SOURCE_ROOT; };
		C446E7481BA2C55A00ACAF54 /* CZHStatusFrame.h */ = {isa = PBXFileReference; fileEncoding = 4; lastKnownFileType = sourcecode.c.h; name = CZHStatusFrame.h; path = CZHWeibo/classes/Home/Model/CZHStatusFrame.h; sourceTree = SOURCE_ROOT; };
		C446E7491BA2C55A00ACAF54 /* CZHStatusFrame.m */ = {isa = PBXFileReference; fileEncoding = 4; lastKnownFileType = sourcecode.c.objc; name = CZHStatusFrame.m; path = CZHWeibo/classes/Home/Model/CZHStatusFrame.m; sourceTree = SOURCE_ROOT; };
		C446E74B1BA2D8BD00ACAF54 /* CZHStatusesTableViewCell.m */ = {isa = PBXFileReference; fileEncoding = 4; lastKnownFileType = sourcecode.c.objc; path = CZHStatusesTableViewCell.m; sourceTree = "<group>"; };
		C44FA3931B8D4A3100B2B49B /* CZHTabBar.h */ = {isa = PBXFileReference; fileEncoding = 4; lastKnownFileType = sourcecode.c.h; path = CZHTabBar.h; sourceTree = "<group>"; };
		C44FA3941B8D4A3100B2B49B /* CZHTabBar.m */ = {isa = PBXFileReference; fileEncoding = 4; lastKnownFileType = sourcecode.c.objc; path = CZHTabBar.m; sourceTree = "<group>"; };
		C4574DB31B8CBEB90036748B /* CZHDiscoverViewController.h */ = {isa = PBXFileReference; fileEncoding = 4; lastKnownFileType = sourcecode.c.h; path = CZHDiscoverViewController.h; sourceTree = "<group>"; };
		C4574DB41B8CBEB90036748B /* CZHDiscoverViewController.m */ = {isa = PBXFileReference; fileEncoding = 4; lastKnownFileType = sourcecode.c.objc; path = CZHDiscoverViewController.m; sourceTree = "<group>"; };
		C4574DB91B8CBEBA0036748B /* CZHHomeViewController.h */ = {isa = PBXFileReference; fileEncoding = 4; lastKnownFileType = sourcecode.c.h; path = CZHHomeViewController.h; sourceTree = "<group>"; };
		C4574DBA1B8CBEBA0036748B /* CZHHomeViewController.m */ = {isa = PBXFileReference; fileEncoding = 4; lastKnownFileType = sourcecode.c.objc; path = CZHHomeViewController.m; sourceTree = "<group>"; };
		C4574DC11B8CBEBA0036748B /* CZHTabBarController.h */ = {isa = PBXFileReference; fileEncoding = 4; lastKnownFileType = sourcecode.c.h; path = CZHTabBarController.h; sourceTree = "<group>"; };
		C4574DC21B8CBEBA0036748B /* CZHTabBarController.m */ = {isa = PBXFileReference; fileEncoding = 4; lastKnownFileType = sourcecode.c.objc; path = CZHTabBarController.m; sourceTree = "<group>"; };
		C4574DC71B8CBEBA0036748B /* CZHMeViewController.h */ = {isa = PBXFileReference; fileEncoding = 4; lastKnownFileType = sourcecode.c.h; path = CZHMeViewController.h; sourceTree = "<group>"; };
		C4574DC81B8CBEBA0036748B /* CZHMeViewController.m */ = {isa = PBXFileReference; fileEncoding = 4; lastKnownFileType = sourcecode.c.objc; path = CZHMeViewController.m; sourceTree = "<group>"; };
		C4574DCD1B8CBEBA0036748B /* CZHMessageViewController.h */ = {isa = PBXFileReference; fileEncoding = 4; lastKnownFileType = sourcecode.c.h; path = CZHMessageViewController.h; sourceTree = "<group>"; };
		C4574DCE1B8CBEBA0036748B /* CZHMessageViewController.m */ = {isa = PBXFileReference; fileEncoding = 4; lastKnownFileType = sourcecode.c.objc; path = CZHMessageViewController.m; sourceTree = "<group>"; };
		C4574DD81B8CC53A0036748B /* AppDelegate.h */ = {isa = PBXFileReference; fileEncoding = 4; lastKnownFileType = sourcecode.c.h; path = AppDelegate.h; sourceTree = "<group>"; };
		C4574DD91B8CC53A0036748B /* AppDelegate.m */ = {isa = PBXFileReference; fileEncoding = 4; lastKnownFileType = sourcecode.c.objc; path = AppDelegate.m; sourceTree = "<group>"; };
		C457E6731BA15A170006C3AE /* MKAnnotationView+WebCache.h */ = {isa = PBXFileReference; fileEncoding = 4; lastKnownFileType = sourcecode.c.h; path = "MKAnnotationView+WebCache.h"; sourceTree = "<group>"; };
		C457E6741BA15A170006C3AE /* MKAnnotationView+WebCache.m */ = {isa = PBXFileReference; fileEncoding = 4; lastKnownFileType = sourcecode.c.objc; path = "MKAnnotationView+WebCache.m"; sourceTree = "<group>"; };
		C457E6751BA15A170006C3AE /* NSData+ImageContentType.h */ = {isa = PBXFileReference; fileEncoding = 4; lastKnownFileType = sourcecode.c.h; path = "NSData+ImageContentType.h"; sourceTree = "<group>"; };
		C457E6761BA15A170006C3AE /* NSData+ImageContentType.m */ = {isa = PBXFileReference; fileEncoding = 4; lastKnownFileType = sourcecode.c.objc; path = "NSData+ImageContentType.m"; sourceTree = "<group>"; };
		C457E6771BA15A170006C3AE /* SDImageCache.h */ = {isa = PBXFileReference; fileEncoding = 4; lastKnownFileType = sourcecode.c.h; path = SDImageCache.h; sourceTree = "<group>"; };
		C457E6781BA15A170006C3AE /* SDImageCache.m */ = {isa = PBXFileReference; fileEncoding = 4; lastKnownFileType = sourcecode.c.objc; path = SDImageCache.m; sourceTree = "<group>"; };
		C457E6791BA15A170006C3AE /* SDWebImageCompat.h */ = {isa = PBXFileReference; fileEncoding = 4; lastKnownFileType = sourcecode.c.h; path = SDWebImageCompat.h; sourceTree = "<group>"; };
		C457E67A1BA15A170006C3AE /* SDWebImageCompat.m */ = {isa = PBXFileReference; fileEncoding = 4; lastKnownFileType = sourcecode.c.objc; path = SDWebImageCompat.m; sourceTree = "<group>"; };
		C457E67B1BA15A170006C3AE /* SDWebImageDecoder.h */ = {isa = PBXFileReference; fileEncoding = 4; lastKnownFileType = sourcecode.c.h; path = SDWebImageDecoder.h; sourceTree = "<group>"; };
		C457E67C1BA15A170006C3AE /* SDWebImageDecoder.m */ = {isa = PBXFileReference; fileEncoding = 4; lastKnownFileType = sourcecode.c.objc; path = SDWebImageDecoder.m; sourceTree = "<group>"; };
		C457E67D1BA15A170006C3AE /* SDWebImageDownloader.h */ = {isa = PBXFileReference; fileEncoding = 4; lastKnownFileType = sourcecode.c.h; path = SDWebImageDownloader.h; sourceTree = "<group>"; };
		C457E67E1BA15A170006C3AE /* SDWebImageDownloader.m */ = {isa = PBXFileReference; fileEncoding = 4; lastKnownFileType = sourcecode.c.objc; path = SDWebImageDownloader.m; sourceTree = "<group>"; };
		C457E67F1BA15A170006C3AE /* SDWebImageDownloaderOperation.h */ = {isa = PBXFileReference; fileEncoding = 4; lastKnownFileType = sourcecode.c.h; path = SDWebImageDownloaderOperation.h; sourceTree = "<group>"; };
		C457E6801BA15A170006C3AE /* SDWebImageDownloaderOperation.m */ = {isa = PBXFileReference; fileEncoding = 4; lastKnownFileType = sourcecode.c.objc; path = SDWebImageDownloaderOperation.m; sourceTree = "<group>"; };
		C457E6811BA15A170006C3AE /* SDWebImageManager.h */ = {isa = PBXFileReference; fileEncoding = 4; lastKnownFileType = sourcecode.c.h; path = SDWebImageManager.h; sourceTree = "<group>"; };
		C457E6821BA15A170006C3AE /* SDWebImageManager.m */ = {isa = PBXFileReference; fileEncoding = 4; lastKnownFileType = sourcecode.c.objc; path = SDWebImageManager.m; sourceTree = "<group>"; };
		C457E6831BA15A170006C3AE /* SDWebImageOperation.h */ = {isa = PBXFileReference; fileEncoding = 4; lastKnownFileType = sourcecode.c.h; path = SDWebImageOperation.h; sourceTree = "<group>"; };
		C457E6841BA15A170006C3AE /* SDWebImagePrefetcher.h */ = {isa = PBXFileReference; fileEncoding = 4; lastKnownFileType = sourcecode.c.h; path = SDWebImagePrefetcher.h; sourceTree = "<group>"; };
		C457E6851BA15A170006C3AE /* SDWebImagePrefetcher.m */ = {isa = PBXFileReference; fileEncoding = 4; lastKnownFileType = sourcecode.c.objc; path = SDWebImagePrefetcher.m; sourceTree = "<group>"; };
		C457E6861BA15A170006C3AE /* UIButton+WebCache.h */ = {isa = PBXFileReference; fileEncoding = 4; lastKnownFileType = sourcecode.c.h; path = "UIButton+WebCache.h"; sourceTree = "<group>"; };
		C457E6871BA15A170006C3AE /* UIButton+WebCache.m */ = {isa = PBXFileReference; fileEncoding = 4; lastKnownFileType = sourcecode.c.objc; path = "UIButton+WebCache.m"; sourceTree = "<group>"; };
		C457E6881BA15A170006C3AE /* UIImage+GIF.h */ = {isa = PBXFileReference; fileEncoding = 4; lastKnownFileType = sourcecode.c.h; path = "UIImage+GIF.h"; sourceTree = "<group>"; };
		C457E6891BA15A170006C3AE /* UIImage+GIF.m */ = {isa = PBXFileReference; fileEncoding = 4; lastKnownFileType = sourcecode.c.objc; path = "UIImage+GIF.m"; sourceTree = "<group>"; };
		C457E68A1BA15A170006C3AE /* UIImage+MultiFormat.h */ = {isa = PBXFileReference; fileEncoding = 4; lastKnownFileType = sourcecode.c.h; path = "UIImage+MultiFormat.h"; sourceTree = "<group>"; };
		C457E68B1BA15A170006C3AE /* UIImage+MultiFormat.m */ = {isa = PBXFileReference; fileEncoding = 4; lastKnownFileType = sourcecode.c.objc; path = "UIImage+MultiFormat.m"; sourceTree = "<group>"; };
		C457E68C1BA15A170006C3AE /* UIImage+WebP.h */ = {isa = PBXFileReference; fileEncoding = 4; lastKnownFileType = sourcecode.c.h; path = "UIImage+WebP.h"; sourceTree = "<group>"; };
		C457E68D1BA15A170006C3AE /* UIImage+WebP.m */ = {isa = PBXFileReference; fileEncoding = 4; lastKnownFileType = sourcecode.c.objc; path = "UIImage+WebP.m"; sourceTree = "<group>"; };
		C457E68E1BA15A170006C3AE /* UIImageView+WebCache.h */ = {isa = PBXFileReference; fileEncoding = 4; lastKnownFileType = sourcecode.c.h; path = "UIImageView+WebCache.h"; sourceTree = "<group>"; };
		C457E68F1BA15A170006C3AE /* UIImageView+WebCache.m */ = {isa = PBXFileReference; fileEncoding = 4; lastKnownFileType = sourcecode.c.objc; path = "UIImageView+WebCache.m"; sourceTree = "<group>"; };
		C457E69E1BA169020006C3AE /* CZHUser.h */ = {isa = PBXFileReference; fileEncoding = 4; lastKnownFileType = sourcecode.c.h; name = CZHUser.h; path = CZHWeibo/classes/Home/Model/CZHUser.h; sourceTree = SOURCE_ROOT; };
		C457E69F1BA169020006C3AE /* CZHUser.m */ = {isa = PBXFileReference; fileEncoding = 4; lastKnownFileType = sourcecode.c.objc; name = CZHUser.m; path = CZHWeibo/classes/Home/Model/CZHUser.m; sourceTree = SOURCE_ROOT; };
		C457E6A11BA169200006C3AE /* CZHStatuses.h */ = {isa = PBXFileReference; fileEncoding = 4; lastKnownFileType = sourcecode.c.h; path = CZHStatuses.h; sourceTree = "<group>"; };
		C457E6A21BA169200006C3AE /* CZHStatuses.m */ = {isa = PBXFileReference; fileEncoding = 4; lastKnownFileType = sourcecode.c.objc; path = CZHStatuses.m; sourceTree = "<group>"; };
		C457E6A51BA16ACF0006C3AE /* MJArgument.h */ = {isa = PBXFileReference; fileEncoding = 4; lastKnownFileType = sourcecode.c.h; path = MJArgument.h; sourceTree = "<group>"; };
		C457E6A61BA16ACF0006C3AE /* MJArgument.m */ = {isa = PBXFileReference; fileEncoding = 4; lastKnownFileType = sourcecode.c.objc; path = MJArgument.m; sourceTree = "<group>"; };
		C457E6A71BA16ACF0006C3AE /* MJExtension.h */ = {isa = PBXFileReference; fileEncoding = 4; lastKnownFileType = sourcecode.c.h; path = MJExtension.h; sourceTree = "<group>"; };
		C457E6A81BA16ACF0006C3AE /* MJIvar.h */ = {isa = PBXFileReference; fileEncoding = 4; lastKnownFileType = sourcecode.c.h; path = MJIvar.h; sourceTree = "<group>"; };
		C457E6A91BA16ACF0006C3AE /* MJIvar.m */ = {isa = PBXFileReference; fileEncoding = 4; lastKnownFileType = sourcecode.c.objc; path = MJIvar.m; sourceTree = "<group>"; };
		C457E6AA1BA16ACF0006C3AE /* MJMember.h */ = {isa = PBXFileReference; fileEncoding = 4; lastKnownFileType = sourcecode.c.h; path = MJMember.h; sourceTree = "<group>"; };
		C457E6AB1BA16ACF0006C3AE /* MJMember.m */ = {isa = PBXFileReference; fileEncoding = 4; lastKnownFileType = sourcecode.c.objc; path = MJMember.m; sourceTree = "<group>"; };
		C457E6AC1BA16ACF0006C3AE /* MJMethod.h */ = {isa = PBXFileReference; fileEncoding = 4; lastKnownFileType = sourcecode.c.h; path = MJMethod.h; sourceTree = "<group>"; };
		C457E6AD1BA16ACF0006C3AE /* MJMethod.m */ = {isa = PBXFileReference; fileEncoding = 4; lastKnownFileType = sourcecode.c.objc; path = MJMethod.m; sourceTree = "<group>"; };
		C457E6AE1BA16ACF0006C3AE /* MJType.h */ = {isa = PBXFileReference; fileEncoding = 4; lastKnownFileType = sourcecode.c.h; path = MJType.h; sourceTree = "<group>"; };
		C457E6AF1BA16ACF0006C3AE /* MJType.m */ = {isa = PBXFileReference; fileEncoding = 4; lastKnownFileType = sourcecode.c.objc; path = MJType.m; sourceTree = "<group>"; };
		C457E6B01BA16ACF0006C3AE /* MJTypeEncoding.h */ = {isa = PBXFileReference; fileEncoding = 4; lastKnownFileType = sourcecode.c.h; path = MJTypeEncoding.h; sourceTree = "<group>"; };
		C457E6B11BA16ACF0006C3AE /* MJTypeEncoding.m */ = {isa = PBXFileReference; fileEncoding = 4; lastKnownFileType = sourcecode.c.objc; path = MJTypeEncoding.m; sourceTree = "<group>"; };
		C457E6B21BA16ACF0006C3AE /* NSObject+MJCoding.h */ = {isa = PBXFileReference; fileEncoding = 4; lastKnownFileType = sourcecode.c.h; path = "NSObject+MJCoding.h"; sourceTree = "<group>"; };
		C457E6B31BA16ACF0006C3AE /* NSObject+MJCoding.m */ = {isa = PBXFileReference; fileEncoding = 4; lastKnownFileType = sourcecode.c.objc; path = "NSObject+MJCoding.m"; sourceTree = "<group>"; };
		C457E6B41BA16ACF0006C3AE /* NSObject+MJKeyValue.h */ = {isa = PBXFileReference; fileEncoding = 4; lastKnownFileType = sourcecode.c.h; path = "NSObject+MJKeyValue.h"; sourceTree = "<group>"; };
		C457E6B51BA16ACF0006C3AE /* NSObject+MJKeyValue.m */ = {isa = PBXFileReference; fileEncoding = 4; lastKnownFileType = sourcecode.c.objc; path = "NSObject+MJKeyValue.m"; sourceTree = "<group>"; };
		C457E6B61BA16ACF0006C3AE /* NSObject+MJMember.h */ = {isa = PBXFileReference; fileEncoding = 4; lastKnownFileType = sourcecode.c.h; path = "NSObject+MJMember.h"; sourceTree = "<group>"; };
		C457E6B71BA16ACF0006C3AE /* NSObject+MJMember.m */ = {isa = PBXFileReference; fileEncoding = 4; lastKnownFileType = sourcecode.c.objc; path = "NSObject+MJMember.m"; sourceTree = "<group>"; };
		C459F4731B9EFAFC00B06FD0 /* CZHCheckBox.h */ = {isa = PBXFileReference; fileEncoding = 4; lastKnownFileType = sourcecode.c.h; path = CZHCheckBox.h; sourceTree = "<group>"; };
		C459F4741B9EFAFC00B06FD0 /* CZHCheckBox.m */ = {isa = PBXFileReference; fileEncoding = 4; lastKnownFileType = sourcecode.c.objc; path = CZHCheckBox.m; sourceTree = "<group>"; };
		C474F20A1B95CCED003C8C25 /* UIImage+CZHCustomImg.h */ = {isa = PBXFileReference; fileEncoding = 4; lastKnownFileType = sourcecode.c.h; path = "UIImage+CZHCustomImg.h"; sourceTree = "<group>"; };
		C474F20B1B95CCED003C8C25 /* UIImage+CZHCustomImg.m */ = {isa = PBXFileReference; fileEncoding = 4; lastKnownFileType = sourcecode.c.objc; path = "UIImage+CZHCustomImg.m"; sourceTree = "<group>"; };
		C474F20D1B95D5BD003C8C25 /* CZHSearchBar.h */ = {isa = PBXFileReference; fileEncoding = 4; lastKnownFileType = sourcecode.c.h; path = CZHSearchBar.h; sourceTree = "<group>"; };
		C474F20E1B95D5BD003C8C25 /* CZHSearchBar.m */ = {isa = PBXFileReference; fileEncoding = 4; lastKnownFileType = sourcecode.c.objc; path = CZHSearchBar.m; sourceTree = "<group>"; };
		C474F2101B95E7E0003C8C25 /* UIBarButtonItem+CZH.h */ = {isa = PBXFileReference; fileEncoding = 4; lastKnownFileType = sourcecode.c.h; path = "UIBarButtonItem+CZH.h"; sourceTree = "<group>"; };
		C474F2111B95E7E0003C8C25 /* UIBarButtonItem+CZH.m */ = {isa = PBXFileReference; fileEncoding = 4; lastKnownFileType = sourcecode.c.objc; path = "UIBarButtonItem+CZH.m"; sourceTree = "<group>"; };
		C47D4FB61BA659770045FA2C /* NSDate+CZH.h */ = {isa = PBXFileReference; fileEncoding = 4; lastKnownFileType = sourcecode.c.h; name = "NSDate+CZH.h"; path = "CZHWeibo/classes/other/Category/NSDate+CZH.h"; sourceTree = SOURCE_ROOT; };
		C47D4FB71BA659770045FA2C /* NSDate+CZH.m */ = {isa = PBXFileReference; fileEncoding = 4; lastKnownFileType = sourcecode.c.objc; name = "NSDate+CZH.m"; path = "CZHWeibo/classes/other/Category/NSDate+CZH.m"; sourceTree = SOURCE_ROOT; };
		C49523C11B94A9EC00433021 /* CZHNavigationController.h */ = {isa = PBXFileReference; fileEncoding = 4; lastKnownFileType = sourcecode.c.h; path = CZHNavigationController.h; sourceTree = "<group>"; };
		C49523C21B94A9EC00433021 /* CZHNavigationController.m */ = {isa = PBXFileReference; fileEncoding = 4; lastKnownFileType = sourcecode.c.objc; path = CZHNavigationController.m; sourceTree = "<group>"; };
		C498A21C1B9D5DF8004B283C /* CZHSurfaceViewController.h */ = {isa = PBXFileReference; fileEncoding = 4; lastKnownFileType = sourcecode.c.h; path = CZHSurfaceViewController.h; sourceTree = "<group>"; };
		C498A21D1B9D5DF8004B283C /* CZHSurfaceViewController.m */ = {isa = PBXFileReference; fileEncoding = 4; lastKnownFileType = sourcecode.c.objc; path = CZHSurfaceViewController.m; sourceTree = "<group>"; };
		C498A21F1B9D6477004B283C /* CZHSurfaceScrollView.h */ = {isa = PBXFileReference; fileEncoding = 4; lastKnownFileType = sourcecode.c.h; name = CZHSurfaceScrollView.h; path = CZHWeibo/classes/surfacePage/View/CZHSurfaceScrollView.h; sourceTree = SOURCE_ROOT; };
		C498A2201B9D6477004B283C /* CZHSurfaceScrollView.m */ = {isa = PBXFileReference; fileEncoding = 4; lastKnownFileType = sourcecode.c.objc; name = CZHSurfaceScrollView.m; path = CZHWeibo/classes/surfacePage/View/CZHSurfaceScrollView.m; sourceTree = SOURCE_ROOT; };
		C4C4A4B11B8F3AA50007E88A /* CZHBadgeButton.h */ = {isa = PBXFileReference; fileEncoding = 4; lastKnownFileType = sourcecode.c.h; path = CZHBadgeButton.h; sourceTree = "<group>"; };
		C4C4A4B21B8F3AA50007E88A /* CZHBadgeButton.m */ = {isa = PBXFileReference; fileEncoding = 4; lastKnownFileType = sourcecode.c.objc; path = CZHBadgeButton.m; sourceTree = "<group>"; };
/* End PBXFileReference section */

/* Begin PBXFrameworksBuildPhase section */
		438F977D1B8C8083006BB4E5 /* Frameworks */ = {
			isa = PBXFrameworksBuildPhase;
			buildActionMask = 2147483647;
			files = (
			);
			runOnlyForDeploymentPostprocessing = 0;
		};
		438F97961B8C8083006BB4E5 /* Frameworks */ = {
			isa = PBXFrameworksBuildPhase;
			buildActionMask = 2147483647;
			files = (
			);
			runOnlyForDeploymentPostprocessing = 0;
		};
/* End PBXFrameworksBuildPhase section */

/* Begin PBXGroup section */
		438F97771B8C8082006BB4E5 = {
			isa = PBXGroup;
			children = (
				438F97821B8C8083006BB4E5 /* CZHWeibo */,
				438F979C1B8C8083006BB4E5 /* CZHWeiboTests */,
				438F97811B8C8083006BB4E5 /* Products */,
			);
			sourceTree = "<group>";
		};
		438F97811B8C8083006BB4E5 /* Products */ = {
			isa = PBXGroup;
			children = (
				438F97801B8C8083006BB4E5 /* CZHWeibo.app */,
				438F97991B8C8083006BB4E5 /* CZHWeiboTests.xctest */,
			);
			name = Products;
			sourceTree = "<group>";
		};
		438F97821B8C8083006BB4E5 /* CZHWeibo */ = {
			isa = PBXGroup;
			children = (
				C4574DB01B8CBEB90036748B /* classes */,
				438F97831B8C8083006BB4E5 /* Supporting Files */,
			);
			path = CZHWeibo;
			sourceTree = "<group>";
		};
		438F97831B8C8083006BB4E5 /* Supporting Files */ = {
			isa = PBXGroup;
			children = (
				438F97901B8C8083006BB4E5 /* Images.xcassets */,
				438F97841B8C8083006BB4E5 /* Info.plist */,
				438F97851B8C8083006BB4E5 /* main.m */,
			);
			name = "Supporting Files";
			sourceTree = "<group>";
		};
		438F979C1B8C8083006BB4E5 /* CZHWeiboTests */ = {
			isa = PBXGroup;
			children = (
				438F979F1B8C8083006BB4E5 /* CZHWeiboTests.m */,
				438F979D1B8C8083006BB4E5 /* Supporting Files */,
			);
			path = CZHWeiboTests;
			sourceTree = "<group>";
		};
		438F979D1B8C8083006BB4E5 /* Supporting Files */ = {
			isa = PBXGroup;
			children = (
				438F979E1B8C8083006BB4E5 /* Info.plist */,
			);
			name = "Supporting Files";
			sourceTree = "<group>";
		};
		C4079FC81BA7E8DE000EFA84 /* MJPhotoBrowser */ = {
			isa = PBXGroup;
			children = (
				C4079FC91BA7E8DE000EFA84 /* MJPhoto.h */,
				C4079FCA1BA7E8DE000EFA84 /* MJPhoto.m */,
				C4079FCB1BA7E8DE000EFA84 /* MJPhotoBrowser.bundle */,
				C4079FCC1BA7E8DE000EFA84 /* MJPhotoBrowser.h */,
				C4079FCD1BA7E8DE000EFA84 /* MJPhotoBrowser.m */,
				C4079FCE1BA7E8DE000EFA84 /* MJPhotoLoadingView.h */,
				C4079FCF1BA7E8DE000EFA84 /* MJPhotoLoadingView.m */,
				C4079FD01BA7E8DE000EFA84 /* MJPhotoProgressView.h */,
				C4079FD11BA7E8DE000EFA84 /* MJPhotoProgressView.m */,
				C4079FD21BA7E8DE000EFA84 /* MJPhotoToolbar.h */,
				C4079FD31BA7E8DE000EFA84 /* MJPhotoToolbar.m */,
				C4079FD41BA7E8DE000EFA84 /* MJPhotoView.h */,
				C4079FD51BA7E8DE000EFA84 /* MJPhotoView.m */,
				C4079FD61BA7E8DE000EFA84 /* SDWebImageManager+MJ.h */,
				C4079FD71BA7E8DE000EFA84 /* SDWebImageManager+MJ.m */,
			);
			path = MJPhotoBrowser;
			sourceTree = "<group>";
		};
		C445320D1BA0000F005992D7 /* OAuth */ = {
			isa = PBXGroup;
			children = (
				C445320E1BA0000F005992D7 /* Controller */,
				C445320F1BA0000F005992D7 /* Model */,
				C44532101BA0000F005992D7 /* View */,
			);
			path = OAuth;
			sourceTree = "<group>";
		};
		C445320E1BA0000F005992D7 /* Controller */ = {
			isa = PBXGroup;
			children = (
				C44532111BA0005A005992D7 /* CZHOAuthViewController.h */,
				C44532121BA0005A005992D7 /* CZHOAuthViewController.m */,
			);
			path = Controller;
			sourceTree = "<group>";
		};
		C445320F1BA0000F005992D7 /* Model */ = {
			isa = PBXGroup;
			children = (
				C44532321BA014E2005992D7 /* CZHAccount.h */,
				C44532331BA014E2005992D7 /* CZHAccount.m */,
				C44532391BA05B26005992D7 /* CZHAccountTool.h */,
				C445323A1BA05B26005992D7 /* CZHAccountTool.m */,
			);
			path = Model;
			sourceTree = "<group>";
		};
		C44532101BA0000F005992D7 /* View */ = {
			isa = PBXGroup;
			children = (
			);
			path = View;
			sourceTree = "<group>";
		};
		C44532141BA00624005992D7 /* lib */ = {
			isa = PBXGroup;
			children = (
				C4079FC81BA7E8DE000EFA84 /* MJPhotoBrowser */,
				C457E6A41BA16ACF0006C3AE /* MJExtension */,
				C445323C1BA064EF005992D7 /* MBProgressHUD */,
				C457E6721BA15A170006C3AE /* SDWebImage */,
				C44532151BA00624005992D7 /* AFNetworking */,
			);
			path = lib;
			sourceTree = "<group>";
		};
		C44532151BA00624005992D7 /* AFNetworking */ = {
			isa = PBXGroup;
			children = (
				C44532161BA00624005992D7 /* AFHTTPRequestOperation.h */,
				C44532171BA00624005992D7 /* AFHTTPRequestOperation.m */,
				C44532181BA00624005992D7 /* AFHTTPRequestOperationManager.h */,
				C44532191BA00624005992D7 /* AFHTTPRequestOperationManager.m */,
				C445321A1BA00624005992D7 /* AFHTTPSessionManager.h */,
				C445321B1BA00624005992D7 /* AFHTTPSessionManager.m */,
				C445321C1BA00624005992D7 /* AFNetworking.h */,
				C445321D1BA00624005992D7 /* AFNetworkReachabilityManager.h */,
				C445321E1BA00624005992D7 /* AFNetworkReachabilityManager.m */,
				C445321F1BA00624005992D7 /* AFSecurityPolicy.h */,
				C44532201BA00624005992D7 /* AFSecurityPolicy.m */,
				C44532211BA00624005992D7 /* AFURLConnectionOperation.h */,
				C44532221BA00624005992D7 /* AFURLConnectionOperation.m */,
				C44532231BA00624005992D7 /* AFURLRequestSerialization.h */,
				C44532241BA00624005992D7 /* AFURLRequestSerialization.m */,
				C44532251BA00624005992D7 /* AFURLResponseSerialization.h */,
				C44532261BA00624005992D7 /* AFURLResponseSerialization.m */,
				C44532271BA00624005992D7 /* AFURLSessionManager.h */,
				C44532281BA00624005992D7 /* AFURLSessionManager.m */,
			);
			path = AFNetworking;
			sourceTree = "<group>";
		};
		C44532351BA05815005992D7 /* tool */ = {
			isa = PBXGroup;
			children = (
				C44532361BA0582E005992D7 /* CZHWeiboTool.h */,
				C44532371BA0582E005992D7 /* CZHWeiboTool.m */,
			);
			path = tool;
			sourceTree = "<group>";
		};
		C445323C1BA064EF005992D7 /* MBProgressHUD */ = {
			isa = PBXGroup;
			children = (
				C445323D1BA064EF005992D7 /* MBProgressHUD+MJ.h */,
				C445323E1BA064EF005992D7 /* MBProgressHUD+MJ.m */,
				C445323F1BA064EF005992D7 /* MBProgressHUD.bundle */,
				C44532401BA064EF005992D7 /* MBProgressHUD.h */,
				C44532411BA064EF005992D7 /* MBProgressHUD.m */,
			);
			name = MBProgressHUD;
			path = AFNetworking/MBProgressHUD;
			sourceTree = "<group>";
		};
		C4574DB01B8CBEB90036748B /* classes */ = {
			isa = PBXGroup;
			children = (
				C4574DD71B8CC53A0036748B /* other */,
				C445320D1BA0000F005992D7 /* OAuth */,
				C4574DBD1B8CBEBA0036748B /* Main */,
				C498A2181B9D5DDD004B283C /* surfacePage */,
				C4574DB71B8CBEBA0036748B /* Home */,
				C4574DCB1B8CBEBA0036748B /* Message */,
				C4574DB11B8CBEB90036748B /* Discover */,
				C4574DC51B8CBEBA0036748B /* Me */,
			);
			path = classes;
			sourceTree = "<group>";
		};
		C4574DB11B8CBEB90036748B /* Discover */ = {
			isa = PBXGroup;
			children = (
				C4574DB21B8CBEB90036748B /* Controller */,
				C4574DB51B8CBEB90036748B /* Model */,
				C4574DB61B8CBEBA0036748B /* View */,
			);
			path = Discover;
			sourceTree = "<group>";
		};
		C4574DB21B8CBEB90036748B /* Controller */ = {
			isa = PBXGroup;
			children = (
				C4574DB31B8CBEB90036748B /* CZHDiscoverViewController.h */,
				C4574DB41B8CBEB90036748B /* CZHDiscoverViewController.m */,
			);
			path = Controller;
			sourceTree = "<group>";
		};
		C4574DB51B8CBEB90036748B /* Model */ = {
			isa = PBXGroup;
			children = (
			);
			path = Model;
			sourceTree = "<group>";
		};
		C4574DB61B8CBEBA0036748B /* View */ = {
			isa = PBXGroup;
			children = (
			);
			path = View;
			sourceTree = "<group>";
		};
		C4574DB71B8CBEBA0036748B /* Home */ = {
			isa = PBXGroup;
			children = (
				C4574DB81B8CBEBA0036748B /* Controller */,
				C4574DBB1B8CBEBA0036748B /* Model */,
				C4574DBC1B8CBEBA0036748B /* View */,
			);
			path = Home;
			sourceTree = "<group>";
		};
		C4574DB81B8CBEBA0036748B /* Controller */ = {
			isa = PBXGroup;
			children = (
				C4574DB91B8CBEBA0036748B /* CZHHomeViewController.h */,
				C4574DBA1B8CBEBA0036748B /* CZHHomeViewController.m */,
			);
			path = Controller;
			sourceTree = "<group>";
		};
		C4574DBB1B8CBEBA0036748B /* Model */ = {
			isa = PBXGroup;
			children = (
				C457E6A11BA169200006C3AE /* CZHStatuses.h */,
				C457E6A21BA169200006C3AE /* CZHStatuses.m */,
				C4079FC21BA7D4EE000EFA84 /* CZHPhotosView.h */,
				C4079FC31BA7D4EE000EFA84 /* CZHPhotosView.m */,
				C4079FC51BA7D504000EFA84 /* CZHPhotoView.h */,
				C4079FC61BA7D504000EFA84 /* CZHPhotoView.m */,
				C457E69E1BA169020006C3AE /* CZHUser.h */,
				C457E69F1BA169020006C3AE /* CZHUser.m */,
				C446E7481BA2C55A00ACAF54 /* CZHStatusFrame.h */,
				C446E7491BA2C55A00ACAF54 /* CZHStatusFrame.m */,
				C42B55F01BA73E6C0020B353 /* CZHPhoto.h */,
				C42B55F11BA73E6C0020B353 /* CZHPhoto.m */,
			);
			path = Model;
			sourceTree = "<group>";
		};
		C4574DBC1B8CBEBA0036748B /* View */ = {
			isa = PBXGroup;
			children = (
				C446E7451BA2B43600ACAF54 /* CZHStatusesTableViewCell.h */,
				C446E74B1BA2D8BD00ACAF54 /* CZHStatusesTableViewCell.m */,
				C42B55E51BA71D660020B353 /* CZHOriginalView.h */,
				C42B55E61BA71D660020B353 /* CZHOriginalView.m */,
				C42B55E21BA719D30020B353 /* CZHRetweetView.h */,
				C42B55E31BA719D30020B353 /* CZHRetweetView.m */,
				C42B55DF1BA6BB000020B353 /* CZHStatusToolBar.h */,
				C42B55E01BA6BB000020B353 /* CZHStatusToolBar.m */,
				C42EB6C51B9C2F9600E000F7 /* CZHTitleBtn.h */,
				C42EB6C61B9C2F9600E000F7 /* CZHTitleBtn.m */,
			);
			path = View;
			sourceTree = "<group>";
		};
		C4574DBD1B8CBEBA0036748B /* Main */ = {
			isa = PBXGroup;
			children = (
				C4574DBE1B8CBEBA0036748B /* Controller */,
				C4574DC31B8CBEBA0036748B /* Model */,
				C4574DC41B8CBEBA0036748B /* View */,
			);
			path = Main;
			sourceTree = "<group>";
		};
		C4574DBE1B8CBEBA0036748B /* Controller */ = {
			isa = PBXGroup;
			children = (
				C49523C11B94A9EC00433021 /* CZHNavigationController.h */,
				C49523C21B94A9EC00433021 /* CZHNavigationController.m */,
				C4574DC11B8CBEBA0036748B /* CZHTabBarController.h */,
				C4574DC21B8CBEBA0036748B /* CZHTabBarController.m */,
			);
			path = Controller;
			sourceTree = "<group>";
		};
		C4574DC31B8CBEBA0036748B /* Model */ = {
			isa = PBXGroup;
			children = (
			);
			path = Model;
			sourceTree = "<group>";
		};
		C4574DC41B8CBEBA0036748B /* View */ = {
			isa = PBXGroup;
			children = (
				C44FA3931B8D4A3100B2B49B /* CZHTabBar.h */,
				C44FA3941B8D4A3100B2B49B /* CZHTabBar.m */,
				C4C4A4B11B8F3AA50007E88A /* CZHBadgeButton.h */,
				C4C4A4B21B8F3AA50007E88A /* CZHBadgeButton.m */,
				C43E7E591B8D649300766A51 /* CZHTabButton.h */,
				C43E7E5A1B8D649300766A51 /* CZHTabButton.m */,
			);
			path = View;
			sourceTree = "<group>";
		};
		C4574DC51B8CBEBA0036748B /* Me */ = {
			isa = PBXGroup;
			children = (
				C4574DC61B8CBEBA0036748B /* Controller */,
				C4574DC91B8CBEBA0036748B /* Model */,
				C4574DCA1B8CBEBA0036748B /* View */,
			);
			path = Me;
			sourceTree = "<group>";
		};
		C4574DC61B8CBEBA0036748B /* Controller */ = {
			isa = PBXGroup;
			children = (
				C4574DC71B8CBEBA0036748B /* CZHMeViewController.h */,
				C4574DC81B8CBEBA0036748B /* CZHMeViewController.m */,
			);
			path = Controller;
			sourceTree = "<group>";
		};
		C4574DC91B8CBEBA0036748B /* Model */ = {
			isa = PBXGroup;
			children = (
			);
			path = Model;
			sourceTree = "<group>";
		};
		C4574DCA1B8CBEBA0036748B /* View */ = {
			isa = PBXGroup;
			children = (
			);
			path = View;
			sourceTree = "<group>";
		};
		C4574DCB1B8CBEBA0036748B /* Message */ = {
			isa = PBXGroup;
			children = (
				C4574DCC1B8CBEBA0036748B /* Controller */,
				C4574DCF1B8CBEBA0036748B /* Model */,
				C4574DD01B8CBEBA0036748B /* View */,
			);
			path = Message;
			sourceTree = "<group>";
		};
		C4574DCC1B8CBEBA0036748B /* Controller */ = {
			isa = PBXGroup;
			children = (
				C4574DCD1B8CBEBA0036748B /* CZHMessageViewController.h */,
				C4574DCE1B8CBEBA0036748B /* CZHMessageViewController.m */,
			);
			path = Controller;
			sourceTree = "<group>";
		};
		C4574DCF1B8CBEBA0036748B /* Model */ = {
			isa = PBXGroup;
			children = (
			);
			path = Model;
			sourceTree = "<group>";
		};
		C4574DD01B8CBEBA0036748B /* View */ = {
			isa = PBXGroup;
			children = (
				C474F20D1B95D5BD003C8C25 /* CZHSearchBar.h */,
				C474F20E1B95D5BD003C8C25 /* CZHSearchBar.m */,
			);
			path = View;
			sourceTree = "<group>";
		};
		C4574DD71B8CC53A0036748B /* other */ = {
			isa = PBXGroup;
			children = (
				C474F2031B95C99F003C8C25 /* Category */,
				C4574DD81B8CC53A0036748B /* AppDelegate.h */,
				C4574DD91B8CC53A0036748B /* AppDelegate.m */,
				C42B55EF1BA73DCF0020B353 /* PrefixHeader.pch */,
				C44532351BA05815005992D7 /* tool */,
				C44532141BA00624005992D7 /* lib */,
			);
			path = other;
			sourceTree = "<group>";
		};
		C457E6721BA15A170006C3AE /* SDWebImage */ = {
			isa = PBXGroup;
			children = (
				C457E6731BA15A170006C3AE /* MKAnnotationView+WebCache.h */,
				C457E6741BA15A170006C3AE /* MKAnnotationView+WebCache.m */,
				C457E6751BA15A170006C3AE /* NSData+ImageContentType.h */,
				C457E6761BA15A170006C3AE /* NSData+ImageContentType.m */,
				C457E6771BA15A170006C3AE /* SDImageCache.h */,
				C457E6781BA15A170006C3AE /* SDImageCache.m */,
				C457E6791BA15A170006C3AE /* SDWebImageCompat.h */,
				C457E67A1BA15A170006C3AE /* SDWebImageCompat.m */,
				C457E67B1BA15A170006C3AE /* SDWebImageDecoder.h */,
				C457E67C1BA15A170006C3AE /* SDWebImageDecoder.m */,
				C457E67D1BA15A170006C3AE /* SDWebImageDownloader.h */,
				C457E67E1BA15A170006C3AE /* SDWebImageDownloader.m */,
				C457E67F1BA15A170006C3AE /* SDWebImageDownloaderOperation.h */,
				C457E6801BA15A170006C3AE /* SDWebImageDownloaderOperation.m */,
				C457E6811BA15A170006C3AE /* SDWebImageManager.h */,
				C457E6821BA15A170006C3AE /* SDWebImageManager.m */,
				C457E6831BA15A170006C3AE /* SDWebImageOperation.h */,
				C457E6841BA15A170006C3AE /* SDWebImagePrefetcher.h */,
				C457E6851BA15A170006C3AE /* SDWebImagePrefetcher.m */,
				C457E6861BA15A170006C3AE /* UIButton+WebCache.h */,
				C457E6871BA15A170006C3AE /* UIButton+WebCache.m */,
				C457E6881BA15A170006C3AE /* UIImage+GIF.h */,
				C457E6891BA15A170006C3AE /* UIImage+GIF.m */,
				C457E68A1BA15A170006C3AE /* UIImage+MultiFormat.h */,
				C457E68B1BA15A170006C3AE /* UIImage+MultiFormat.m */,
				C457E68C1BA15A170006C3AE /* UIImage+WebP.h */,
				C457E68D1BA15A170006C3AE /* UIImage+WebP.m */,
				C457E68E1BA15A170006C3AE /* UIImageView+WebCache.h */,
				C457E68F1BA15A170006C3AE /* UIImageView+WebCache.m */,
			);
			name = SDWebImage;
			path = AFNetworking/SDWebImage;
			sourceTree = "<group>";
		};
		C457E6A41BA16ACF0006C3AE /* MJExtension */ = {
			isa = PBXGroup;
			children = (
				C457E6A51BA16ACF0006C3AE /* MJArgument.h */,
				C457E6A61BA16ACF0006C3AE /* MJArgument.m */,
				C457E6A71BA16ACF0006C3AE /* MJExtension.h */,
				C457E6A81BA16ACF0006C3AE /* MJIvar.h */,
				C457E6A91BA16ACF0006C3AE /* MJIvar.m */,
				C457E6AA1BA16ACF0006C3AE /* MJMember.h */,
				C457E6AB1BA16ACF0006C3AE /* MJMember.m */,
				C457E6AC1BA16ACF0006C3AE /* MJMethod.h */,
				C457E6AD1BA16ACF0006C3AE /* MJMethod.m */,
				C457E6AE1BA16ACF0006C3AE /* MJType.h */,
				C457E6AF1BA16ACF0006C3AE /* MJType.m */,
				C457E6B01BA16ACF0006C3AE /* MJTypeEncoding.h */,
				C457E6B11BA16ACF0006C3AE /* MJTypeEncoding.m */,
				C457E6B21BA16ACF0006C3AE /* NSObject+MJCoding.h */,
				C457E6B31BA16ACF0006C3AE /* NSObject+MJCoding.m */,
				C457E6B41BA16ACF0006C3AE /* NSObject+MJKeyValue.h */,
				C457E6B51BA16ACF0006C3AE /* NSObject+MJKeyValue.m */,
				C457E6B61BA16ACF0006C3AE /* NSObject+MJMember.h */,
				C457E6B71BA16ACF0006C3AE /* NSObject+MJMember.m */,
			);
			path = MJExtension;
			sourceTree = "<group>";
		};
		C474F2031B95C99F003C8C25 /* Category */ = {
			isa = PBXGroup;
			children = (
				C47D4FB61BA659770045FA2C /* NSDate+CZH.h */,
				C47D4FB71BA659770045FA2C /* NSDate+CZH.m */,
				C474F20A1B95CCED003C8C25 /* UIImage+CZHCustomImg.h */,
				C474F20B1B95CCED003C8C25 /* UIImage+CZHCustomImg.m */,
				C474F2101B95E7E0003C8C25 /* UIBarButtonItem+CZH.h */,
				C474F2111B95E7E0003C8C25 /* UIBarButtonItem+CZH.m */,
			);
			path = Category;
			sourceTree = "<group>";
		};
		C498A2181B9D5DDD004B283C /* surfacePage */ = {
			isa = PBXGroup;
			children = (
				C498A2191B9D5DDD004B283C /* Controller */,
				C498A21A1B9D5DDD004B283C /* Model */,
				C498A21B1B9D5DDD004B283C /* View */,
			);
			path = surfacePage;
			sourceTree = "<group>";
		};
		C498A2191B9D5DDD004B283C /* Controller */ = {
			isa = PBXGroup;
			children = (
				C498A21C1B9D5DF8004B283C /* CZHSurfaceViewController.h */,
				C498A21D1B9D5DF8004B283C /* CZHSurfaceViewController.m */,
			);
			path = Controller;
			sourceTree = "<group>";
		};
		C498A21A1B9D5DDD004B283C /* Model */ = {
			isa = PBXGroup;
			children = (
			);
			path = Model;
			sourceTree = "<group>";
		};
		C498A21B1B9D5DDD004B283C /* View */ = {
			isa = PBXGroup;
			children = (
				C498A21F1B9D6477004B283C /* CZHSurfaceScrollView.h */,
				C498A2201B9D6477004B283C /* CZHSurfaceScrollView.m */,
				C459F4731B9EFAFC00B06FD0 /* CZHCheckBox.h */,
				C459F4741B9EFAFC00B06FD0 /* CZHCheckBox.m */,
			);
			path = View;
			sourceTree = "<group>";
		};
/* End PBXGroup section */

/* Begin PBXNativeTarget section */
		438F977F1B8C8083006BB4E5 /* CZHWeibo */ = {
			isa = PBXNativeTarget;
			buildConfigurationList = 438F97A31B8C8083006BB4E5 /* Build configuration list for PBXNativeTarget "CZHWeibo" */;
			buildPhases = (
				438F977C1B8C8083006BB4E5 /* Sources */,
				438F977D1B8C8083006BB4E5 /* Frameworks */,
				438F977E1B8C8083006BB4E5 /* Resources */,
			);
			buildRules = (
			);
			dependencies = (
			);
			name = CZHWeibo;
			productName = CZHWeibo;
			productReference = 438F97801B8C8083006BB4E5 /* CZHWeibo.app */;
			productType = "com.apple.product-type.application";
		};
		438F97981B8C8083006BB4E5 /* CZHWeiboTests */ = {
			isa = PBXNativeTarget;
			buildConfigurationList = 438F97A61B8C8083006BB4E5 /* Build configuration list for PBXNativeTarget "CZHWeiboTests" */;
			buildPhases = (
				438F97951B8C8083006BB4E5 /* Sources */,
				438F97961B8C8083006BB4E5 /* Frameworks */,
				438F97971B8C8083006BB4E5 /* Resources */,
			);
			buildRules = (
			);
			dependencies = (
				438F979B1B8C8083006BB4E5 /* PBXTargetDependency */,
			);
			name = CZHWeiboTests;
			productName = CZHWeiboTests;
			productReference = 438F97991B8C8083006BB4E5 /* CZHWeiboTests.xctest */;
			productType = "com.apple.product-type.bundle.unit-test";
		};
/* End PBXNativeTarget section */

/* Begin PBXProject section */
		438F97781B8C8082006BB4E5 /* Project object */ = {
			isa = PBXProject;
			attributes = {
				CLASSPREFIX = CZH;
				LastUpgradeCheck = 0610;
				ORGANIZATIONNAME = tarena;
				TargetAttributes = {
					438F977F1B8C8083006BB4E5 = {
						CreatedOnToolsVersion = 6.1;
					};
					438F97981B8C8083006BB4E5 = {
						CreatedOnToolsVersion = 6.1;
						TestTargetID = 438F977F1B8C8083006BB4E5;
					};
				};
			};
			buildConfigurationList = 438F977B1B8C8082006BB4E5 /* Build configuration list for PBXProject "CZHWeibo" */;
			compatibilityVersion = "Xcode 3.2";
			developmentRegion = English;
			hasScannedForEncodings = 0;
			knownRegions = (
				en,
				Base,
			);
			mainGroup = 438F97771B8C8082006BB4E5;
			productRefGroup = 438F97811B8C8083006BB4E5 /* Products */;
			projectDirPath = "";
			projectRoot = "";
			targets = (
				438F977F1B8C8083006BB4E5 /* CZHWeibo */,
				438F97981B8C8083006BB4E5 /* CZHWeiboTests */,
			);
		};
/* End PBXProject section */

/* Begin PBXResourcesBuildPhase section */
		438F977E1B8C8083006BB4E5 /* Resources */ = {
			isa = PBXResourcesBuildPhase;
			buildActionMask = 2147483647;
			files = (
				C4079FD91BA7E8DE000EFA84 /* MJPhotoBrowser.bundle in Resources */,
				438F97911B8C8083006BB4E5 /* Images.xcassets in Resources */,
				C44532431BA064EF005992D7 /* MBProgressHUD.bundle in Resources */,
			);
			runOnlyForDeploymentPostprocessing = 0;
		};
		438F97971B8C8083006BB4E5 /* Resources */ = {
			isa = PBXResourcesBuildPhase;
			buildActionMask = 2147483647;
			files = (
			);
			runOnlyForDeploymentPostprocessing = 0;
		};
/* End PBXResourcesBuildPhase section */

/* Begin PBXSourcesBuildPhase section */
		438F977C1B8C8083006BB4E5 /* Sources */ = {
			isa = PBXSourcesBuildPhase;
			buildActionMask = 2147483647;
			files = (
				C457E6BA1BA16ACF0006C3AE /* MJMember.m in Sources */,
				C457E6BF1BA16ACF0006C3AE /* NSObject+MJKeyValue.m in Sources */,
				C457E6C01BA16ACF0006C3AE /* NSObject+MJMember.m in Sources */,
				C44532131BA0005A005992D7 /* CZHOAuthViewController.m in Sources */,
				C49523C31B94A9EC00433021 /* CZHNavigationController.m in Sources */,
				C445323B1BA05B26005992D7 /* CZHAccountTool.m in Sources */,
				C457E6971BA15A170006C3AE /* SDWebImageManager.m in Sources */,
				C4574DD11B8CBEBA0036748B /* CZHDiscoverViewController.m in Sources */,
				C44532441BA064EF005992D7 /* MBProgressHUD.m in Sources */,
				C4079FC71BA7D504000EFA84 /* CZHPhotoView.m in Sources */,
				C457E6A31BA169200006C3AE /* CZHStatuses.m in Sources */,
				C457E69D1BA15A170006C3AE /* UIImageView+WebCache.m in Sources */,
				C498A2211B9D6477004B283C /* CZHSurfaceScrollView.m in Sources */,
				C457E6BC1BA16ACF0006C3AE /* MJType.m in Sources */,
				C457E6A01BA169020006C3AE /* CZHUser.m in Sources */,
				C457E69B1BA15A170006C3AE /* UIImage+MultiFormat.m in Sources */,
				C446E74A1BA2C55A00ACAF54 /* CZHStatusFrame.m in Sources */,
				C4079FDE1BA7E8DE000EFA84 /* MJPhotoView.m in Sources */,
				C457E6B81BA16ACF0006C3AE /* MJArgument.m in Sources */,
				C445322E1BA00624005992D7 /* AFURLConnectionOperation.m in Sources */,
				C457E6951BA15A170006C3AE /* SDWebImageDownloader.m in Sources */,
				C445322D1BA00624005992D7 /* AFSecurityPolicy.m in Sources */,
				C457E69C1BA15A170006C3AE /* UIImage+WebP.m in Sources */,
				C4079FC41BA7D4EE000EFA84 /* CZHPhotosView.m in Sources */,
				C498A21E1B9D5DF8004B283C /* CZHSurfaceViewController.m in Sources */,
				C47D4FB81BA659770045FA2C /* NSDate+CZH.m in Sources */,
				C445322B1BA00624005992D7 /* AFHTTPSessionManager.m in Sources */,
				C457E6BD1BA16ACF0006C3AE /* MJTypeEncoding.m in Sources */,
				C474F20C1B95CCED003C8C25 /* UIImage+CZHCustomImg.m in Sources */,
				438F97861B8C8083006BB4E5 /* main.m in Sources */,
				C457E6941BA15A170006C3AE /* SDWebImageDecoder.m in Sources */,
				C457E6981BA15A170006C3AE /* SDWebImagePrefetcher.m in Sources */,
				C459F4751B9EFAFC00B06FD0 /* CZHCheckBox.m in Sources */,
				C42B55E41BA719D30020B353 /* CZHRetweetView.m in Sources */,
				C4C4A4B31B8F3AA50007E88A /* CZHBadgeButton.m in Sources */,
				C44532341BA014E2005992D7 /* CZHAccount.m in Sources */,
				C42B55E71BA71D660020B353 /* CZHOriginalView.m in Sources */,
				C457E6BE1BA16ACF0006C3AE /* NSObject+MJCoding.m in Sources */,
				C42EB6C71B9C2F9600E000F7 /* CZHTitleBtn.m in Sources */,
				C43E7E5B1B8D649300766A51 /* CZHTabButton.m in Sources */,
				C457E6B91BA16ACF0006C3AE /* MJIvar.m in Sources */,
				C445322A1BA00624005992D7 /* AFHTTPRequestOperationManager.m in Sources */,
				C457E69A1BA15A170006C3AE /* UIImage+GIF.m in Sources */,
				C4574DD51B8CBEBA0036748B /* CZHMeViewController.m in Sources */,
				C457E6921BA15A170006C3AE /* SDImageCache.m in Sources */,
				C44532291BA00624005992D7 /* AFHTTPRequestOperation.m in Sources */,
				C44532311BA00624005992D7 /* AFURLSessionManager.m in Sources */,
				C446E74C1BA2D8BD00ACAF54 /* CZHStatusesTableViewCell.m in Sources */,
				C44532421BA064EF005992D7 /* MBProgressHUD+MJ.m in Sources */,
				C474F2121B95E7E0003C8C25 /* UIBarButtonItem+CZH.m in Sources */,
				C457E6961BA15A170006C3AE /* SDWebImageDownloaderOperation.m in Sources */,
				C445322C1BA00624005992D7 /* AFNetworkReachabilityManager.m in Sources */,
				C457E6BB1BA16ACF0006C3AE /* MJMethod.m in Sources */,
				C4079FDA1BA7E8DE000EFA84 /* MJPhotoBrowser.m in Sources */,
				C4079FDC1BA7E8DE000EFA84 /* MJPhotoProgressView.m in Sources */,
				C44532301BA00624005992D7 /* AFURLResponseSerialization.m in Sources */,
				C4079FD81BA7E8DE000EFA84 /* MJPhoto.m in Sources */,
				C457E6931BA15A170006C3AE /* SDWebImageCompat.m in Sources */,
				C457E6911BA15A170006C3AE /* NSData+ImageContentType.m in Sources */,
				C42B55E11BA6BB000020B353 /* CZHStatusToolBar.m in Sources */,
				C42B55F21BA73E6C0020B353 /* CZHPhoto.m in Sources */,
				C44532381BA0582E005992D7 /* CZHWeiboTool.m in Sources */,
				C445322F1BA00624005992D7 /* AFURLRequestSerialization.m in Sources */,
				C4574DD41B8CBEBA0036748B /* CZHTabBarController.m in Sources */,
				C4079FDD1BA7E8DE000EFA84 /* MJPhotoToolbar.m in Sources */,
				C457E6991BA15A170006C3AE /* UIButton+WebCache.m in Sources */,
				C44FA3951B8D4A3100B2B49B /* CZHTabBar.m in Sources */,
				C474F20F1B95D5BD003C8C25 /* CZHSearchBar.m in Sources */,
				C4079FDF1BA7E8DE000EFA84 /* SDWebImageManager+MJ.m in Sources */,
				C4574DD21B8CBEBA0036748B /* CZHHomeViewController.m in Sources */,
				C457E6901BA15A170006C3AE /* MKAnnotationView+WebCache.m in Sources */,
				C4079FDB1BA7E8DE000EFA84 /* MJPhotoLoadingView.m in Sources */,
				C4574DD61B8CBEBA0036748B /* CZHMessageViewController.m in Sources */,
				C4574DDA1B8CC53A0036748B /* AppDelegate.m in Sources */,
			);
			runOnlyForDeploymentPostprocessing = 0;
		};
		438F97951B8C8083006BB4E5 /* Sources */ = {
			isa = PBXSourcesBuildPhase;
			buildActionMask = 2147483647;
			files = (
				438F97A01B8C8083006BB4E5 /* CZHWeiboTests.m in Sources */,
			);
			runOnlyForDeploymentPostprocessing = 0;
		};
/* End PBXSourcesBuildPhase section */

/* Begin PBXTargetDependency section */
		438F979B1B8C8083006BB4E5 /* PBXTargetDependency */ = {
			isa = PBXTargetDependency;
			target = 438F977F1B8C8083006BB4E5 /* CZHWeibo */;
			targetProxy = 438F979A1B8C8083006BB4E5 /* PBXContainerItemProxy */;
		};
/* End PBXTargetDependency section */

/* Begin XCBuildConfiguration section */
		438F97A11B8C8083006BB4E5 /* Debug */ = {
			isa = XCBuildConfiguration;
			buildSettings = {
				ALWAYS_SEARCH_USER_PATHS = NO;
				CLANG_CXX_LANGUAGE_STANDARD = "gnu++0x";
				CLANG_CXX_LIBRARY = "libc++";
				CLANG_ENABLE_MODULES = YES;
				CLANG_ENABLE_OBJC_ARC = YES;
				CLANG_WARN_BOOL_CONVERSION = YES;
				CLANG_WARN_CONSTANT_CONVERSION = YES;
				CLANG_WARN_DIRECT_OBJC_ISA_USAGE = YES_ERROR;
				CLANG_WARN_EMPTY_BODY = YES;
				CLANG_WARN_ENUM_CONVERSION = YES;
				CLANG_WARN_INT_CONVERSION = YES;
				CLANG_WARN_OBJC_ROOT_CLASS = YES_ERROR;
				CLANG_WARN_UNREACHABLE_CODE = YES;
				CLANG_WARN__DUPLICATE_METHOD_MATCH = YES;
				"CODE_SIGN_IDENTITY[sdk=iphoneos*]" = "iPhone Developer";
				COPY_PHASE_STRIP = NO;
				ENABLE_STRICT_OBJC_MSGSEND = YES;
				GCC_C_LANGUAGE_STANDARD = gnu99;
				GCC_DYNAMIC_NO_PIC = NO;
				GCC_OPTIMIZATION_LEVEL = 0;
				GCC_PREPROCESSOR_DEFINITIONS = (
					"DEBUG=1",
					"$(inherited)",
				);
				GCC_SYMBOLS_PRIVATE_EXTERN = NO;
				GCC_WARN_64_TO_32_BIT_CONVERSION = YES;
				GCC_WARN_ABOUT_RETURN_TYPE = YES_ERROR;
				GCC_WARN_UNDECLARED_SELECTOR = YES;
				GCC_WARN_UNINITIALIZED_AUTOS = YES_AGGRESSIVE;
				GCC_WARN_UNUSED_FUNCTION = YES;
				GCC_WARN_UNUSED_VARIABLE = YES;
				IPHONEOS_DEPLOYMENT_TARGET = 8.1;
				MTL_ENABLE_DEBUG_INFO = YES;
				ONLY_ACTIVE_ARCH = YES;
				SDKROOT = iphoneos;
				TARGETED_DEVICE_FAMILY = "1,2";
			};
			name = Debug;
		};
		438F97A21B8C8083006BB4E5 /* Release */ = {
			isa = XCBuildConfiguration;
			buildSettings = {
				ALWAYS_SEARCH_USER_PATHS = NO;
				CLANG_CXX_LANGUAGE_STANDARD = "gnu++0x";
				CLANG_CXX_LIBRARY = "libc++";
				CLANG_ENABLE_MODULES = YES;
				CLANG_ENABLE_OBJC_ARC = YES;
				CLANG_WARN_BOOL_CONVERSION = YES;
				CLANG_WARN_CONSTANT_CONVERSION = YES;
				CLANG_WARN_DIRECT_OBJC_ISA_USAGE = YES_ERROR;
				CLANG_WARN_EMPTY_BODY = YES;
				CLANG_WARN_ENUM_CONVERSION = YES;
				CLANG_WARN_INT_CONVERSION = YES;
				CLANG_WARN_OBJC_ROOT_CLASS = YES_ERROR;
				CLANG_WARN_UNREACHABLE_CODE = YES;
				CLANG_WARN__DUPLICATE_METHOD_MATCH = YES;
				"CODE_SIGN_IDENTITY[sdk=iphoneos*]" = "iPhone Developer";
				COPY_PHASE_STRIP = YES;
				ENABLE_NS_ASSERTIONS = NO;
				ENABLE_STRICT_OBJC_MSGSEND = YES;
				GCC_C_LANGUAGE_STANDARD = gnu99;
				GCC_WARN_64_TO_32_BIT_CONVERSION = YES;
				GCC_WARN_ABOUT_RETURN_TYPE = YES_ERROR;
				GCC_WARN_UNDECLARED_SELECTOR = YES;
				GCC_WARN_UNINITIALIZED_AUTOS = YES_AGGRESSIVE;
				GCC_WARN_UNUSED_FUNCTION = YES;
				GCC_WARN_UNUSED_VARIABLE = YES;
				IPHONEOS_DEPLOYMENT_TARGET = 8.1;
				MTL_ENABLE_DEBUG_INFO = NO;
				SDKROOT = iphoneos;
				TARGETED_DEVICE_FAMILY = "1,2";
				VALIDATE_PRODUCT = YES;
			};
			name = Release;
		};
		438F97A41B8C8083006BB4E5 /* Debug */ = {
			isa = XCBuildConfiguration;
			buildSettings = {
				ASSETCATALOG_COMPILER_APPICON_NAME = AppIcon;
				ASSETCATALOG_COMPILER_LAUNCHIMAGE_NAME = LaunchImage;
				GCC_INCREASE_PRECOMPILED_HEADER_SHARING = NO;
				GCC_PREFIX_HEADER = "$(SRCROOT)/PrefixHeader.pch";
				INFOPLIST_FILE = CZHWeibo/Info.plist;
				IPHONEOS_DEPLOYMENT_TARGET = 8.4;
				LD_RUNPATH_SEARCH_PATHS = "$(inherited) @executable_path/Frameworks";
				PRODUCT_NAME = "$(TARGET_NAME)";
				TARGETED_DEVICE_FAMILY = 1;
			};
			name = Debug;
		};
		438F97A51B8C8083006BB4E5 /* Release */ = {
			isa = XCBuildConfiguration;
			buildSettings = {
				ASSETCATALOG_COMPILER_APPICON_NAME = AppIcon;
				ASSETCATALOG_COMPILER_LAUNCHIMAGE_NAME = LaunchImage;
				GCC_INCREASE_PRECOMPILED_HEADER_SHARING = NO;
				GCC_PREFIX_HEADER = "$(SRCROOT)/PrefixHeader.pch";
				INFOPLIST_FILE = CZHWeibo/Info.plist;
				IPHONEOS_DEPLOYMENT_TARGET = 8.4;
				LD_RUNPATH_SEARCH_PATHS = "$(inherited) @executable_path/Frameworks";
				PRODUCT_NAME = "$(TARGET_NAME)";
				TARGETED_DEVICE_FAMILY = 1;
			};
			name = Release;
		};
		438F97A71B8C8083006BB4E5 /* Debug */ = {
			isa = XCBuildConfiguration;
			buildSettings = {
				BUNDLE_LOADER = "$(TEST_HOST)";
				FRAMEWORK_SEARCH_PATHS = (
					"$(SDKROOT)/Developer/Library/Frameworks",
					"$(inherited)",
				);
				GCC_PREPROCESSOR_DEFINITIONS = (
					"DEBUG=1",
					"$(inherited)",
				);
				INFOPLIST_FILE = CZHWeiboTests/Info.plist;
				LD_RUNPATH_SEARCH_PATHS = "$(inherited) @executable_path/Frameworks @loader_path/Frameworks";
				PRODUCT_NAME = "$(TARGET_NAME)";
				TEST_HOST = "$(BUILT_PRODUCTS_DIR)/CZHWeibo.app/CZHWeibo";
			};
			name = Debug;
		};
		438F97A81B8C8083006BB4E5 /* Release */ = {
			isa = XCBuildConfiguration;
			buildSettings = {
				BUNDLE_LOADER = "$(TEST_HOST)";
				FRAMEWORK_SEARCH_PATHS = (
					"$(SDKROOT)/Developer/Library/Frameworks",
					"$(inherited)",
				);
				INFOPLIST_FILE = CZHWeiboTests/Info.plist;
				LD_RUNPATH_SEARCH_PATHS = "$(inherited) @executable_path/Frameworks @loader_path/Frameworks";
				PRODUCT_NAME = "$(TARGET_NAME)";
				TEST_HOST = "$(BUILT_PRODUCTS_DIR)/CZHWeibo.app/CZHWeibo";
			};
			name = Release;
		};
/* End XCBuildConfiguration section */

/* Begin XCConfigurationList section */
		438F977B1B8C8082006BB4E5 /* Build configuration list for PBXProject "CZHWeibo" */ = {
			isa = XCConfigurationList;
			buildConfigurations = (
				438F97A11B8C8083006BB4E5 /* Debug */,
				438F97A21B8C8083006BB4E5 /* Release */,
			);
			defaultConfigurationIsVisible = 0;
			defaultConfigurationName = Release;
		};
		438F97A31B8C8083006BB4E5 /* Build configuration list for PBXNativeTarget "CZHWeibo" */ = {
			isa = XCConfigurationList;
			buildConfigurations = (
				438F97A41B8C8083006BB4E5 /* Debug */,
				438F97A51B8C8083006BB4E5 /* Release */,
			);
			defaultConfigurationIsVisible = 0;
			defaultConfigurationName = Release;
		};
		438F97A61B8C8083006BB4E5 /* Build configuration list for PBXNativeTarget "CZHWeiboTests" */ = {
			isa = XCConfigurationList;
			buildConfigurations = (
				438F97A71B8C8083006BB4E5 /* Debug */,
				438F97A81B8C8083006BB4E5 /* Release */,
			);
			defaultConfigurationIsVisible = 0;
			defaultConfigurationName = Release;
		};
/* End XCConfigurationList section */
	};
	rootObject = 438F97781B8C8082006BB4E5 /* Project object */;
}
